// !$*UTF8*$!
{
	archiveVersion = 1;
	classes = {
	};
	objectVersion = 51;
	objects = {

/* Begin PBXBuildFile section */
		6AC7D8E8D20C82CE62354A13 /* Pods_SmartCartTests.framework in Frameworks */ = {isa = PBXBuildFile; fileRef = D05F14B15F919839A542D1FE /* Pods_SmartCartTests.framework */; };
		856BC18E9FCF44465182BCFC /* Pods_SmartCart.framework in Frameworks */ = {isa = PBXBuildFile; fileRef = 25E8B65ABCAFD21A50A9BA76 /* Pods_SmartCart.framework */; };
		CF1EF039239415E300336EAA /* AddItemView.swift in Sources */ = {isa = PBXBuildFile; fileRef = CF1EF038239415E300336EAA /* AddItemView.swift */; };
		CF1EF03B239415EE00336EAA /* AddItemController.swift in Sources */ = {isa = PBXBuildFile; fileRef = CF1EF03A239415EE00336EAA /* AddItemController.swift */; };
		CF1EF03D2394404100336EAA /* AddItemPresenter.swift in Sources */ = {isa = PBXBuildFile; fileRef = CF1EF03C2394404100336EAA /* AddItemPresenter.swift */; };
		CF1EF040239447CB00336EAA /* AddItem.swift in Sources */ = {isa = PBXBuildFile; fileRef = CF1EF03F239447CB00336EAA /* AddItem.swift */; };
		CF3D5BF5237B4B5D00F5D484 /* ItemListCoordinator.swift in Sources */ = {isa = PBXBuildFile; fileRef = CF3D5BF4237B4B5D00F5D484 /* ItemListCoordinator.swift */; };
		CF41785E237C9990009A11D6 /* TitleScannerController.swift in Sources */ = {isa = PBXBuildFile; fileRef = CF41785D237C9990009A11D6 /* TitleScannerController.swift */; };
		CF417860237C9C1A009A11D6 /* GoogleService-Info.plist in Resources */ = {isa = PBXBuildFile; fileRef = CF41785F237C9C1A009A11D6 /* GoogleService-Info.plist */; };
		CF417864237D2F19009A11D6 /* ProductError.swift in Sources */ = {isa = PBXBuildFile; fileRef = CF417863237D2F19009A11D6 /* ProductError.swift */; };
		CF645A9C23A8A50100463F9D /* SettingsController.swift in Sources */ = {isa = PBXBuildFile; fileRef = CF645A9B23A8A50100463F9D /* SettingsController.swift */; };
		CF645A9E23A8A50800463F9D /* SettingsView.swift in Sources */ = {isa = PBXBuildFile; fileRef = CF645A9D23A8A50800463F9D /* SettingsView.swift */; };
		CF645AA023A8A51100463F9D /* SettingsPresenter.swift in Sources */ = {isa = PBXBuildFile; fileRef = CF645A9F23A8A51100463F9D /* SettingsPresenter.swift */; };
		CF645AA223A902E600463F9D /* SupermarketRepository.swift in Sources */ = {isa = PBXBuildFile; fileRef = CF645AA123A902E600463F9D /* SupermarketRepository.swift */; };
		CF6E0C0C2370415B0091CEC8 /* SmartCartTests.swift in Sources */ = {isa = PBXBuildFile; fileRef = CF6E0C0B2370415B0091CEC8 /* SmartCartTests.swift */; };
		CF6E0C3623704DBA0091CEC8 /* products.json in Resources */ = {isa = PBXBuildFile; fileRef = CF6E0C3523704DBA0091CEC8 /* products.json */; };
		CF6E0C462371672B0091CEC8 /* CoreDataTests.swift in Sources */ = {isa = PBXBuildFile; fileRef = CF6E0C442371672B0091CEC8 /* CoreDataTests.swift */; };
		CF6E0C472371672B0091CEC8 /* ProductServiceTests.swift in Sources */ = {isa = PBXBuildFile; fileRef = CF6E0C452371672B0091CEC8 /* ProductServiceTests.swift */; };
		CF6E0C61237167390091CEC8 /* ProductService.swift in Sources */ = {isa = PBXBuildFile; fileRef = CF6E0C4D237167390091CEC8 /* ProductService.swift */; };
		CF6E0C62237167390091CEC8 /* DatabaseServiceImpl.swift in Sources */ = {isa = PBXBuildFile; fileRef = CF6E0C4E237167390091CEC8 /* DatabaseServiceImpl.swift */; };
		CF6E0C63237167390091CEC8 /* Scanner.swift in Sources */ = {isa = PBXBuildFile; fileRef = CF6E0C51237167390091CEC8 /* Scanner.swift */; };
		CF6E0C64237167390091CEC8 /* CartRepository.swift in Sources */ = {isa = PBXBuildFile; fileRef = CF6E0C53237167390091CEC8 /* CartRepository.swift */; };
		CF6E0C66237167390091CEC8 /* ItemModel.xcdatamodeld in Sources */ = {isa = PBXBuildFile; fileRef = CF6E0C57237167390091CEC8 /* ItemModel.xcdatamodeld */; };
		CF6E0C6A237167390091CEC8 /* ItemEntity.swift in Sources */ = {isa = PBXBuildFile; fileRef = CF6E0C5C237167390091CEC8 /* ItemEntity.swift */; };
		CF6E0C6B237167390091CEC8 /* CartEntity.swift in Sources */ = {isa = PBXBuildFile; fileRef = CF6E0C5D237167390091CEC8 /* CartEntity.swift */; };
		CF6E0C6E23716B120091CEC8 /* BarcodeScannerController.swift in Sources */ = {isa = PBXBuildFile; fileRef = CF6E0C6D23716B120091CEC8 /* BarcodeScannerController.swift */; };
		CF6E0C71237179920091CEC8 /* SnapKit.framework in Frameworks */ = {isa = PBXBuildFile; fileRef = CF6E0C70237179920091CEC8 /* SnapKit.framework */; };
		CF6E0C72237179920091CEC8 /* SnapKit.framework in Embed Frameworks */ = {isa = PBXBuildFile; fileRef = CF6E0C70237179920091CEC8 /* SnapKit.framework */; settings = {ATTRIBUTES = (CodeSignOnCopy, RemoveHeadersOnCopy, ); }; };
		CF6E0C7723717F9C0091CEC8 /* ItemListController.swift in Sources */ = {isa = PBXBuildFile; fileRef = CF6E0C7623717F9C0091CEC8 /* ItemListController.swift */; };
		CF6E0C7923717FB70091CEC8 /* ItemListPresenter.swift in Sources */ = {isa = PBXBuildFile; fileRef = CF6E0C7823717FB70091CEC8 /* ItemListPresenter.swift */; };
		CF6E0C7D237182610091CEC8 /* UIColor+Colors.swift in Sources */ = {isa = PBXBuildFile; fileRef = CF6E0C7C237182610091CEC8 /* UIColor+Colors.swift */; };
		CF6E0C7F2371834D0091CEC8 /* CartListController.swift in Sources */ = {isa = PBXBuildFile; fileRef = CF6E0C7E2371834D0091CEC8 /* CartListController.swift */; };
		CF6E0C81237183770091CEC8 /* CartListPresenter.swift in Sources */ = {isa = PBXBuildFile; fileRef = CF6E0C80237183770091CEC8 /* CartListPresenter.swift */; };
		CF6E0C83237184A90091CEC8 /* DataError.swift in Sources */ = {isa = PBXBuildFile; fileRef = CF6E0C82237184A90091CEC8 /* DataError.swift */; };
		CF6E0C85237196910091CEC8 /* CartListView.swift in Sources */ = {isa = PBXBuildFile; fileRef = CF6E0C84237196910091CEC8 /* CartListView.swift */; };
		CF6E0C88237199BF0091CEC8 /* ScreenAssembler.swift in Sources */ = {isa = PBXBuildFile; fileRef = CF6E0C87237199BF0091CEC8 /* ScreenAssembler.swift */; };
		CF6E0C8A237199E40091CEC8 /* ScreenAssembly.swift in Sources */ = {isa = PBXBuildFile; fileRef = CF6E0C89237199E40091CEC8 /* ScreenAssembly.swift */; };
		CF6E0C8C23719A1C0091CEC8 /* ModuleAssembler.swift in Sources */ = {isa = PBXBuildFile; fileRef = CF6E0C8B23719A1C0091CEC8 /* ModuleAssembler.swift */; };
		CF6E0C8E23719ADD0091CEC8 /* DomainAssembler.swift in Sources */ = {isa = PBXBuildFile; fileRef = CF6E0C8D23719ADD0091CEC8 /* DomainAssembler.swift */; };
		CF6E0C9023719AF00091CEC8 /* DomainAssembly.swift in Sources */ = {isa = PBXBuildFile; fileRef = CF6E0C8F23719AF00091CEC8 /* DomainAssembly.swift */; };
		CF6E0C9223719D740091CEC8 /* MainViewCoordinator.swift in Sources */ = {isa = PBXBuildFile; fileRef = CF6E0C9123719D740091CEC8 /* MainViewCoordinator.swift */; };
		CF6E0C952371A2C10091CEC8 /* Logger.swift in Sources */ = {isa = PBXBuildFile; fileRef = CF6E0C942371A2C10091CEC8 /* Logger.swift */; };
		CF6E0C972371D87C0091CEC8 /* Assets.swift in Sources */ = {isa = PBXBuildFile; fileRef = CF6E0C962371D87C0091CEC8 /* Assets.swift */; };
		CF6E0C9A2371D9300091CEC8 /* CartCell.swift in Sources */ = {isa = PBXBuildFile; fileRef = CF6E0C992371D9300091CEC8 /* CartCell.swift */; };
		CF6E0C9C2371E2EE0091CEC8 /* UIStackView+Maker.swift in Sources */ = {isa = PBXBuildFile; fileRef = CF6E0C9B2371E2EE0091CEC8 /* UIStackView+Maker.swift */; };
		CF6E0C9E2371E3540091CEC8 /* UITableView+Registration.swift in Sources */ = {isa = PBXBuildFile; fileRef = CF6E0C9D2371E3540091CEC8 /* UITableView+Registration.swift */; };
		CF6E0CA82372CB090091CEC8 /* CartListHeaderView.swift in Sources */ = {isa = PBXBuildFile; fileRef = CF6E0CA72372CB090091CEC8 /* CartListHeaderView.swift */; };
		CF6E0CAB2372EF170091CEC8 /* ItemCell.swift in Sources */ = {isa = PBXBuildFile; fileRef = CF6E0CAA2372EF170091CEC8 /* ItemCell.swift */; };
		CF6E0CAD2372F2410091CEC8 /* ItemListView.swift in Sources */ = {isa = PBXBuildFile; fileRef = CF6E0CAC2372F2410091CEC8 /* ItemListView.swift */; };
		CF6E0CAF23741BE70091CEC8 /* NSMutableAttributedString+Formatting.swift in Sources */ = {isa = PBXBuildFile; fileRef = CF6E0CAE23741BE70091CEC8 /* NSMutableAttributedString+Formatting.swift */; };
		CF6E0CB123742ACB0091CEC8 /* libz.tbd in Frameworks */ = {isa = PBXBuildFile; fileRef = CF6E0CB023742ACB0091CEC8 /* libz.tbd */; };
		CF6E0CB8237433D40091CEC8 /* Cart+CoreDataClass.swift in Sources */ = {isa = PBXBuildFile; fileRef = CF6E0CB4237433D40091CEC8 /* Cart+CoreDataClass.swift */; };
		CF6E0CB9237433D40091CEC8 /* Cart+CoreDataProperties.swift in Sources */ = {isa = PBXBuildFile; fileRef = CF6E0CB5237433D40091CEC8 /* Cart+CoreDataProperties.swift */; };
		CF6E0CBB2379396E0091CEC8 /* CartListCoordinator.swift in Sources */ = {isa = PBXBuildFile; fileRef = CF6E0CBA2379396E0091CEC8 /* CartListCoordinator.swift */; };
		CF6E3923237C45C1007F92F2 /* CreateNewCart.swift in Sources */ = {isa = PBXBuildFile; fileRef = CF6E3922237C45C1007F92F2 /* CreateNewCart.swift */; };
		CF6E3925237C45D0007F92F2 /* LoadLastCart.swift in Sources */ = {isa = PBXBuildFile; fileRef = CF6E3924237C45D0007F92F2 /* LoadLastCart.swift */; };
		CF6E3927237C45DA007F92F2 /* LoadAllCarts.swift in Sources */ = {isa = PBXBuildFile; fileRef = CF6E3926237C45DA007F92F2 /* LoadAllCarts.swift */; };
		CF6E3929237C45F5007F92F2 /* RemoveAllCarts.swift in Sources */ = {isa = PBXBuildFile; fileRef = CF6E3928237C45F5007F92F2 /* RemoveAllCarts.swift */; };
		CF6E392B237C45FC007F92F2 /* RemoveCart.swift in Sources */ = {isa = PBXBuildFile; fileRef = CF6E392A237C45FC007F92F2 /* RemoveCart.swift */; };
		CF6E392D237C49E3007F92F2 /* CommitChange.swift in Sources */ = {isa = PBXBuildFile; fileRef = CF6E392C237C49E3007F92F2 /* CommitChange.swift */; };
		CF78743E235D7D7F0061AC90 /* AppDelegate.swift in Sources */ = {isa = PBXBuildFile; fileRef = CF78743D235D7D7F0061AC90 /* AppDelegate.swift */; };
		CF787447235D7D800061AC90 /* Assets.xcassets in Resources */ = {isa = PBXBuildFile; fileRef = CF787446235D7D800061AC90 /* Assets.xcassets */; };
		CF78744A235D7D800061AC90 /* LaunchScreen.storyboard in Resources */ = {isa = PBXBuildFile; fileRef = CF787448235D7D800061AC90 /* LaunchScreen.storyboard */; };
		CFE308A52396D95A00EF0601 /* ManualAddController.swift in Sources */ = {isa = PBXBuildFile; fileRef = CFE308A42396D95A00EF0601 /* ManualAddController.swift */; };
		CFE308A72396D96000EF0601 /* ManualAddPresenter.swift in Sources */ = {isa = PBXBuildFile; fileRef = CFE308A62396D96000EF0601 /* ManualAddPresenter.swift */; };
		CFE308A92396D96800EF0601 /* ManualAddView.swift in Sources */ = {isa = PBXBuildFile; fileRef = CFE308A82396D96800EF0601 /* ManualAddView.swift */; };
		CFE308AC2397B62C00EF0601 /* ManualAddCell.swift in Sources */ = {isa = PBXBuildFile; fileRef = CFE308AB2397B62C00EF0601 /* ManualAddCell.swift */; };
		CFE308AE2397BF5E00EF0601 /* ManualAddCoordinator.swift in Sources */ = {isa = PBXBuildFile; fileRef = CFE308AD2397BF5E00EF0601 /* ManualAddCoordinator.swift */; };
		CFE308B02397C43C00EF0601 /* AddItemProduct.swift in Sources */ = {isa = PBXBuildFile; fileRef = CFE308AF2397C43C00EF0601 /* AddItemProduct.swift */; };
		CFE308B62399435F00EF0601 /* ProductRepository.swift in Sources */ = {isa = PBXBuildFile; fileRef = CFE308B52399435F00EF0601 /* ProductRepository.swift */; };
		CFE308B9239970B100EF0601 /* AddProductTextFieldCell.swift in Sources */ = {isa = PBXBuildFile; fileRef = CFE308B8239970B100EF0601 /* AddProductTextFieldCell.swift */; };
		CFE308BB239970B700EF0601 /* AddProductController.swift in Sources */ = {isa = PBXBuildFile; fileRef = CFE308BA239970B700EF0601 /* AddProductController.swift */; };
		CFE308BD239970C000EF0601 /* AddProductPresenter.swift in Sources */ = {isa = PBXBuildFile; fileRef = CFE308BC239970C000EF0601 /* AddProductPresenter.swift */; };
		CFE308C4239BFBB100EF0601 /* AddProductTextViewCell.swift in Sources */ = {isa = PBXBuildFile; fileRef = CFE308C3239BFBB100EF0601 /* AddProductTextViewCell.swift */; };
		CFE308C7239C035A00EF0601 /* Item+CoreDataClass.swift in Sources */ = {isa = PBXBuildFile; fileRef = CFE308C5239C035A00EF0601 /* Item+CoreDataClass.swift */; };
		CFE308C8239C035A00EF0601 /* Item+CoreDataProperties.swift in Sources */ = {isa = PBXBuildFile; fileRef = CFE308C6239C035A00EF0601 /* Item+CoreDataProperties.swift */; };
		CFE308CB239C039500EF0601 /* Product+CoreDataClass.swift in Sources */ = {isa = PBXBuildFile; fileRef = CFE308C9239C039500EF0601 /* Product+CoreDataClass.swift */; };
		CFE308CC239C039500EF0601 /* Product+CoreDataProperties.swift in Sources */ = {isa = PBXBuildFile; fileRef = CFE308CA239C039500EF0601 /* Product+CoreDataProperties.swift */; };
		CFE308CE239C046F00EF0601 /* AddProductSelectionCell.swift in Sources */ = {isa = PBXBuildFile; fileRef = CFE308CD239C046F00EF0601 /* AddProductSelectionCell.swift */; };
		CFE308D0239C183B00EF0601 /* UITextField+DoneButton.swift in Sources */ = {isa = PBXBuildFile; fileRef = CFE308CF239C183B00EF0601 /* UITextField+DoneButton.swift */; };
		CFE308D2239C18D600EF0601 /* UITextView+DoneButton.swift in Sources */ = {isa = PBXBuildFile; fileRef = CFE308D1239C18D600EF0601 /* UITextView+DoneButton.swift */; };
		CFE78D1D237EFB6B00EBE2AA /* GetKnownProducts.swift in Sources */ = {isa = PBXBuildFile; fileRef = CFE78D1C237EFB6B00EBE2AA /* GetKnownProducts.swift */; };
		CFE78D1F237EFE4400EBE2AA /* BarcodeScannerPresenter.swift in Sources */ = {isa = PBXBuildFile; fileRef = CFE78D1E237EFE4400EBE2AA /* BarcodeScannerPresenter.swift */; };
		CFFE82C423AEA2D900E5B7FE /* TitleScannerPresenter.swift in Sources */ = {isa = PBXBuildFile; fileRef = CFFE82C323AEA2D900E5B7FE /* TitleScannerPresenter.swift */; };
/* End PBXBuildFile section */

/* Begin PBXContainerItemProxy section */
		CF6E0C0E2370415B0091CEC8 /* PBXContainerItemProxy */ = {
			isa = PBXContainerItemProxy;
			containerPortal = CF787432235D7D7F0061AC90 /* Project object */;
			proxyType = 1;
			remoteGlobalIDString = CF787439235D7D7F0061AC90;
			remoteInfo = SmartCart;
		};
/* End PBXContainerItemProxy section */

/* Begin PBXCopyFilesBuildPhase section */
		CF6E0C73237179920091CEC8 /* Embed Frameworks */ = {
			isa = PBXCopyFilesBuildPhase;
			buildActionMask = 2147483647;
			dstPath = "";
			dstSubfolderSpec = 10;
			files = (
				CF6E0C72237179920091CEC8 /* SnapKit.framework in Embed Frameworks */,
			);
			name = "Embed Frameworks";
			runOnlyForDeploymentPostprocessing = 0;
		};
/* End PBXCopyFilesBuildPhase section */

/* Begin PBXFileReference section */
		1EA988EA25BBA507798A2DFD /* Pods-SmartCartTests.debug.xcconfig */ = {isa = PBXFileReference; includeInIndex = 1; lastKnownFileType = text.xcconfig; name = "Pods-SmartCartTests.debug.xcconfig"; path = "Target Support Files/Pods-SmartCartTests/Pods-SmartCartTests.debug.xcconfig"; sourceTree = "<group>"; };
		244EC6DB845CC7156737E88E /* Pods-SmartCart.release.xcconfig */ = {isa = PBXFileReference; includeInIndex = 1; lastKnownFileType = text.xcconfig; name = "Pods-SmartCart.release.xcconfig"; path = "Target Support Files/Pods-SmartCart/Pods-SmartCart.release.xcconfig"; sourceTree = "<group>"; };
		25E8B65ABCAFD21A50A9BA76 /* Pods_SmartCart.framework */ = {isa = PBXFileReference; explicitFileType = wrapper.framework; includeInIndex = 0; path = Pods_SmartCart.framework; sourceTree = BUILT_PRODUCTS_DIR; };
		B08E8785721823CD8C3F62FA /* Pods-SmartCart.debug.xcconfig */ = {isa = PBXFileReference; includeInIndex = 1; lastKnownFileType = text.xcconfig; name = "Pods-SmartCart.debug.xcconfig"; path = "Target Support Files/Pods-SmartCart/Pods-SmartCart.debug.xcconfig"; sourceTree = "<group>"; };
		CF1EF038239415E300336EAA /* AddItemView.swift */ = {isa = PBXFileReference; lastKnownFileType = sourcecode.swift; path = AddItemView.swift; sourceTree = "<group>"; };
		CF1EF03A239415EE00336EAA /* AddItemController.swift */ = {isa = PBXFileReference; lastKnownFileType = sourcecode.swift; path = AddItemController.swift; sourceTree = "<group>"; };
		CF1EF03C2394404100336EAA /* AddItemPresenter.swift */ = {isa = PBXFileReference; lastKnownFileType = sourcecode.swift; path = AddItemPresenter.swift; sourceTree = "<group>"; };
		CF1EF03F239447CB00336EAA /* AddItem.swift */ = {isa = PBXFileReference; lastKnownFileType = sourcecode.swift; path = AddItem.swift; sourceTree = "<group>"; };
		CF3D5BF4237B4B5D00F5D484 /* ItemListCoordinator.swift */ = {isa = PBXFileReference; lastKnownFileType = sourcecode.swift; path = ItemListCoordinator.swift; sourceTree = "<group>"; };
		CF41785D237C9990009A11D6 /* TitleScannerController.swift */ = {isa = PBXFileReference; lastKnownFileType = sourcecode.swift; path = TitleScannerController.swift; sourceTree = "<group>"; };
		CF41785F237C9C1A009A11D6 /* GoogleService-Info.plist */ = {isa = PBXFileReference; fileEncoding = 4; lastKnownFileType = text.plist.xml; path = "GoogleService-Info.plist"; sourceTree = "<group>"; };
		CF417863237D2F19009A11D6 /* ProductError.swift */ = {isa = PBXFileReference; lastKnownFileType = sourcecode.swift; path = ProductError.swift; sourceTree = "<group>"; };
		CF645A9B23A8A50100463F9D /* SettingsController.swift */ = {isa = PBXFileReference; lastKnownFileType = sourcecode.swift; path = SettingsController.swift; sourceTree = "<group>"; };
		CF645A9D23A8A50800463F9D /* SettingsView.swift */ = {isa = PBXFileReference; lastKnownFileType = sourcecode.swift; path = SettingsView.swift; sourceTree = "<group>"; };
		CF645A9F23A8A51100463F9D /* SettingsPresenter.swift */ = {isa = PBXFileReference; lastKnownFileType = sourcecode.swift; path = SettingsPresenter.swift; sourceTree = "<group>"; };
		CF645AA123A902E600463F9D /* SupermarketRepository.swift */ = {isa = PBXFileReference; lastKnownFileType = sourcecode.swift; path = SupermarketRepository.swift; sourceTree = "<group>"; };
		CF6E0C092370415B0091CEC8 /* SmartCartTests.xctest */ = {isa = PBXFileReference; explicitFileType = wrapper.cfbundle; includeInIndex = 0; path = SmartCartTests.xctest; sourceTree = BUILT_PRODUCTS_DIR; };
		CF6E0C0B2370415B0091CEC8 /* SmartCartTests.swift */ = {isa = PBXFileReference; lastKnownFileType = sourcecode.swift; path = SmartCartTests.swift; sourceTree = "<group>"; };
		CF6E0C0D2370415B0091CEC8 /* Info.plist */ = {isa = PBXFileReference; lastKnownFileType = text.plist.xml; path = Info.plist; sourceTree = "<group>"; };
		CF6E0C3523704DBA0091CEC8 /* products.json */ = {isa = PBXFileReference; fileEncoding = 4; lastKnownFileType = text.json; path = products.json; sourceTree = "<group>"; };
		CF6E0C442371672B0091CEC8 /* CoreDataTests.swift */ = {isa = PBXFileReference; fileEncoding = 4; lastKnownFileType = sourcecode.swift; path = CoreDataTests.swift; sourceTree = "<group>"; };
		CF6E0C452371672B0091CEC8 /* ProductServiceTests.swift */ = {isa = PBXFileReference; fileEncoding = 4; lastKnownFileType = sourcecode.swift; path = ProductServiceTests.swift; sourceTree = "<group>"; };
		CF6E0C4D237167390091CEC8 /* ProductService.swift */ = {isa = PBXFileReference; fileEncoding = 4; lastKnownFileType = sourcecode.swift; path = ProductService.swift; sourceTree = "<group>"; };
		CF6E0C4E237167390091CEC8 /* DatabaseServiceImpl.swift */ = {isa = PBXFileReference; fileEncoding = 4; lastKnownFileType = sourcecode.swift; path = DatabaseServiceImpl.swift; sourceTree = "<group>"; };
		CF6E0C51237167390091CEC8 /* Scanner.swift */ = {isa = PBXFileReference; fileEncoding = 4; lastKnownFileType = sourcecode.swift; path = Scanner.swift; sourceTree = "<group>"; };
		CF6E0C53237167390091CEC8 /* CartRepository.swift */ = {isa = PBXFileReference; fileEncoding = 4; lastKnownFileType = sourcecode.swift; path = CartRepository.swift; sourceTree = "<group>"; };
		CF6E0C58237167390091CEC8 /* ItemModel.xcdatamodel */ = {isa = PBXFileReference; lastKnownFileType = wrapper.xcdatamodel; path = ItemModel.xcdatamodel; sourceTree = "<group>"; };
		CF6E0C5C237167390091CEC8 /* ItemEntity.swift */ = {isa = PBXFileReference; fileEncoding = 4; lastKnownFileType = sourcecode.swift; path = ItemEntity.swift; sourceTree = "<group>"; };
		CF6E0C5D237167390091CEC8 /* CartEntity.swift */ = {isa = PBXFileReference; fileEncoding = 4; lastKnownFileType = sourcecode.swift; path = CartEntity.swift; sourceTree = "<group>"; };
		CF6E0C6D23716B120091CEC8 /* BarcodeScannerController.swift */ = {isa = PBXFileReference; lastKnownFileType = sourcecode.swift; path = BarcodeScannerController.swift; sourceTree = "<group>"; };
		CF6E0C70237179920091CEC8 /* SnapKit.framework */ = {isa = PBXFileReference; lastKnownFileType = wrapper.framework; name = SnapKit.framework; path = Carthage/Build/iOS/SnapKit.framework; sourceTree = "<group>"; };
		CF6E0C7623717F9C0091CEC8 /* ItemListController.swift */ = {isa = PBXFileReference; lastKnownFileType = sourcecode.swift; path = ItemListController.swift; sourceTree = "<group>"; };
		CF6E0C7823717FB70091CEC8 /* ItemListPresenter.swift */ = {isa = PBXFileReference; lastKnownFileType = sourcecode.swift; path = ItemListPresenter.swift; sourceTree = "<group>"; };
		CF6E0C7C237182610091CEC8 /* UIColor+Colors.swift */ = {isa = PBXFileReference; lastKnownFileType = sourcecode.swift; path = "UIColor+Colors.swift"; sourceTree = "<group>"; };
		CF6E0C7E2371834D0091CEC8 /* CartListController.swift */ = {isa = PBXFileReference; lastKnownFileType = sourcecode.swift; path = CartListController.swift; sourceTree = "<group>"; };
		CF6E0C80237183770091CEC8 /* CartListPresenter.swift */ = {isa = PBXFileReference; lastKnownFileType = sourcecode.swift; path = CartListPresenter.swift; sourceTree = "<group>"; };
		CF6E0C82237184A90091CEC8 /* DataError.swift */ = {isa = PBXFileReference; lastKnownFileType = sourcecode.swift; path = DataError.swift; sourceTree = "<group>"; };
		CF6E0C84237196910091CEC8 /* CartListView.swift */ = {isa = PBXFileReference; lastKnownFileType = sourcecode.swift; path = CartListView.swift; sourceTree = "<group>"; };
		CF6E0C87237199BF0091CEC8 /* ScreenAssembler.swift */ = {isa = PBXFileReference; lastKnownFileType = sourcecode.swift; path = ScreenAssembler.swift; sourceTree = "<group>"; };
		CF6E0C89237199E40091CEC8 /* ScreenAssembly.swift */ = {isa = PBXFileReference; lastKnownFileType = sourcecode.swift; path = ScreenAssembly.swift; sourceTree = "<group>"; };
		CF6E0C8B23719A1C0091CEC8 /* ModuleAssembler.swift */ = {isa = PBXFileReference; lastKnownFileType = sourcecode.swift; path = ModuleAssembler.swift; sourceTree = "<group>"; };
		CF6E0C8D23719ADD0091CEC8 /* DomainAssembler.swift */ = {isa = PBXFileReference; lastKnownFileType = sourcecode.swift; path = DomainAssembler.swift; sourceTree = "<group>"; };
		CF6E0C8F23719AF00091CEC8 /* DomainAssembly.swift */ = {isa = PBXFileReference; lastKnownFileType = sourcecode.swift; path = DomainAssembly.swift; sourceTree = "<group>"; };
		CF6E0C9123719D740091CEC8 /* MainViewCoordinator.swift */ = {isa = PBXFileReference; lastKnownFileType = sourcecode.swift; path = MainViewCoordinator.swift; sourceTree = "<group>"; };
		CF6E0C942371A2C10091CEC8 /* Logger.swift */ = {isa = PBXFileReference; lastKnownFileType = sourcecode.swift; path = Logger.swift; sourceTree = "<group>"; };
		CF6E0C962371D87C0091CEC8 /* Assets.swift */ = {isa = PBXFileReference; lastKnownFileType = sourcecode.swift; path = Assets.swift; sourceTree = "<group>"; };
		CF6E0C992371D9300091CEC8 /* CartCell.swift */ = {isa = PBXFileReference; lastKnownFileType = sourcecode.swift; path = CartCell.swift; sourceTree = "<group>"; };
		CF6E0C9B2371E2EE0091CEC8 /* UIStackView+Maker.swift */ = {isa = PBXFileReference; lastKnownFileType = sourcecode.swift; path = "UIStackView+Maker.swift"; sourceTree = "<group>"; };
		CF6E0C9D2371E3540091CEC8 /* UITableView+Registration.swift */ = {isa = PBXFileReference; lastKnownFileType = sourcecode.swift; path = "UITableView+Registration.swift"; sourceTree = "<group>"; };
		CF6E0CA72372CB090091CEC8 /* CartListHeaderView.swift */ = {isa = PBXFileReference; lastKnownFileType = sourcecode.swift; path = CartListHeaderView.swift; sourceTree = "<group>"; };
		CF6E0CAA2372EF170091CEC8 /* ItemCell.swift */ = {isa = PBXFileReference; lastKnownFileType = sourcecode.swift; path = ItemCell.swift; sourceTree = "<group>"; };
		CF6E0CAC2372F2410091CEC8 /* ItemListView.swift */ = {isa = PBXFileReference; lastKnownFileType = sourcecode.swift; path = ItemListView.swift; sourceTree = "<group>"; };
		CF6E0CAE23741BE70091CEC8 /* NSMutableAttributedString+Formatting.swift */ = {isa = PBXFileReference; lastKnownFileType = sourcecode.swift; path = "NSMutableAttributedString+Formatting.swift"; sourceTree = "<group>"; };
		CF6E0CB023742ACB0091CEC8 /* libz.tbd */ = {isa = PBXFileReference; lastKnownFileType = "sourcecode.text-based-dylib-definition"; name = libz.tbd; path = usr/lib/libz.tbd; sourceTree = SDKROOT; };
		CF6E0CB4237433D40091CEC8 /* Cart+CoreDataClass.swift */ = {isa = PBXFileReference; lastKnownFileType = sourcecode.swift; path = "Cart+CoreDataClass.swift"; sourceTree = "<group>"; };
		CF6E0CB5237433D40091CEC8 /* Cart+CoreDataProperties.swift */ = {isa = PBXFileReference; lastKnownFileType = sourcecode.swift; path = "Cart+CoreDataProperties.swift"; sourceTree = "<group>"; };
		CF6E0CBA2379396E0091CEC8 /* CartListCoordinator.swift */ = {isa = PBXFileReference; lastKnownFileType = sourcecode.swift; path = CartListCoordinator.swift; sourceTree = "<group>"; };
		CF6E3922237C45C1007F92F2 /* CreateNewCart.swift */ = {isa = PBXFileReference; lastKnownFileType = sourcecode.swift; path = CreateNewCart.swift; sourceTree = "<group>"; };
		CF6E3924237C45D0007F92F2 /* LoadLastCart.swift */ = {isa = PBXFileReference; lastKnownFileType = sourcecode.swift; path = LoadLastCart.swift; sourceTree = "<group>"; };
		CF6E3926237C45DA007F92F2 /* LoadAllCarts.swift */ = {isa = PBXFileReference; lastKnownFileType = sourcecode.swift; path = LoadAllCarts.swift; sourceTree = "<group>"; };
		CF6E3928237C45F5007F92F2 /* RemoveAllCarts.swift */ = {isa = PBXFileReference; lastKnownFileType = sourcecode.swift; path = RemoveAllCarts.swift; sourceTree = "<group>"; };
		CF6E392A237C45FC007F92F2 /* RemoveCart.swift */ = {isa = PBXFileReference; lastKnownFileType = sourcecode.swift; path = RemoveCart.swift; sourceTree = "<group>"; };
		CF6E392C237C49E3007F92F2 /* CommitChange.swift */ = {isa = PBXFileReference; lastKnownFileType = sourcecode.swift; path = CommitChange.swift; sourceTree = "<group>"; };
		CF6E392E237C8A90007F92F2 /* SwiftOCR.framework */ = {isa = PBXFileReference; explicitFileType = wrapper.framework; path = SwiftOCR.framework; sourceTree = BUILT_PRODUCTS_DIR; };
		CF78743A235D7D7F0061AC90 /* SmartCart.app */ = {isa = PBXFileReference; explicitFileType = wrapper.application; includeInIndex = 0; path = SmartCart.app; sourceTree = BUILT_PRODUCTS_DIR; };
		CF78743D235D7D7F0061AC90 /* AppDelegate.swift */ = {isa = PBXFileReference; lastKnownFileType = sourcecode.swift; path = AppDelegate.swift; sourceTree = "<group>"; };
		CF787446235D7D800061AC90 /* Assets.xcassets */ = {isa = PBXFileReference; lastKnownFileType = folder.assetcatalog; path = Assets.xcassets; sourceTree = "<group>"; };
		CF787449235D7D800061AC90 /* Base */ = {isa = PBXFileReference; lastKnownFileType = file.storyboard; name = Base; path = Base.lproj/LaunchScreen.storyboard; sourceTree = "<group>"; };
		CF78744B235D7D800061AC90 /* Info.plist */ = {isa = PBXFileReference; lastKnownFileType = text.plist.xml; path = Info.plist; sourceTree = "<group>"; };
		CFE308A42396D95A00EF0601 /* ManualAddController.swift */ = {isa = PBXFileReference; lastKnownFileType = sourcecode.swift; path = ManualAddController.swift; sourceTree = "<group>"; };
		CFE308A62396D96000EF0601 /* ManualAddPresenter.swift */ = {isa = PBXFileReference; lastKnownFileType = sourcecode.swift; path = ManualAddPresenter.swift; sourceTree = "<group>"; };
		CFE308A82396D96800EF0601 /* ManualAddView.swift */ = {isa = PBXFileReference; lastKnownFileType = sourcecode.swift; path = ManualAddView.swift; sourceTree = "<group>"; };
		CFE308AB2397B62C00EF0601 /* ManualAddCell.swift */ = {isa = PBXFileReference; lastKnownFileType = sourcecode.swift; path = ManualAddCell.swift; sourceTree = "<group>"; };
		CFE308AD2397BF5E00EF0601 /* ManualAddCoordinator.swift */ = {isa = PBXFileReference; lastKnownFileType = sourcecode.swift; path = ManualAddCoordinator.swift; sourceTree = "<group>"; };
		CFE308AF2397C43C00EF0601 /* AddItemProduct.swift */ = {isa = PBXFileReference; lastKnownFileType = sourcecode.swift; path = AddItemProduct.swift; sourceTree = "<group>"; };
		CFE308B52399435F00EF0601 /* ProductRepository.swift */ = {isa = PBXFileReference; lastKnownFileType = sourcecode.swift; path = ProductRepository.swift; sourceTree = "<group>"; };
		CFE308B8239970B100EF0601 /* AddProductTextFieldCell.swift */ = {isa = PBXFileReference; lastKnownFileType = sourcecode.swift; path = AddProductTextFieldCell.swift; sourceTree = "<group>"; };
		CFE308BA239970B700EF0601 /* AddProductController.swift */ = {isa = PBXFileReference; lastKnownFileType = sourcecode.swift; path = AddProductController.swift; sourceTree = "<group>"; };
		CFE308BC239970C000EF0601 /* AddProductPresenter.swift */ = {isa = PBXFileReference; lastKnownFileType = sourcecode.swift; path = AddProductPresenter.swift; sourceTree = "<group>"; };
		CFE308C3239BFBB100EF0601 /* AddProductTextViewCell.swift */ = {isa = PBXFileReference; lastKnownFileType = sourcecode.swift; path = AddProductTextViewCell.swift; sourceTree = "<group>"; };
		CFE308C5239C035A00EF0601 /* Item+CoreDataClass.swift */ = {isa = PBXFileReference; lastKnownFileType = sourcecode.swift; path = "Item+CoreDataClass.swift"; sourceTree = "<group>"; };
		CFE308C6239C035A00EF0601 /* Item+CoreDataProperties.swift */ = {isa = PBXFileReference; lastKnownFileType = sourcecode.swift; path = "Item+CoreDataProperties.swift"; sourceTree = "<group>"; };
		CFE308C9239C039500EF0601 /* Product+CoreDataClass.swift */ = {isa = PBXFileReference; lastKnownFileType = sourcecode.swift; path = "Product+CoreDataClass.swift"; sourceTree = "<group>"; };
		CFE308CA239C039500EF0601 /* Product+CoreDataProperties.swift */ = {isa = PBXFileReference; lastKnownFileType = sourcecode.swift; path = "Product+CoreDataProperties.swift"; sourceTree = "<group>"; };
		CFE308CD239C046F00EF0601 /* AddProductSelectionCell.swift */ = {isa = PBXFileReference; lastKnownFileType = sourcecode.swift; path = AddProductSelectionCell.swift; sourceTree = "<group>"; };
		CFE308CF239C183B00EF0601 /* UITextField+DoneButton.swift */ = {isa = PBXFileReference; lastKnownFileType = sourcecode.swift; path = "UITextField+DoneButton.swift"; sourceTree = "<group>"; };
		CFE308D1239C18D600EF0601 /* UITextView+DoneButton.swift */ = {isa = PBXFileReference; lastKnownFileType = sourcecode.swift; path = "UITextView+DoneButton.swift"; sourceTree = "<group>"; };
		CFE78D1C237EFB6B00EBE2AA /* GetKnownProducts.swift */ = {isa = PBXFileReference; lastKnownFileType = sourcecode.swift; path = GetKnownProducts.swift; sourceTree = "<group>"; };
		CFE78D1E237EFE4400EBE2AA /* BarcodeScannerPresenter.swift */ = {isa = PBXFileReference; lastKnownFileType = sourcecode.swift; path = BarcodeScannerPresenter.swift; sourceTree = "<group>"; };
		CFFE82C323AEA2D900E5B7FE /* TitleScannerPresenter.swift */ = {isa = PBXFileReference; lastKnownFileType = sourcecode.swift; path = TitleScannerPresenter.swift; sourceTree = "<group>"; };
		D05F14B15F919839A542D1FE /* Pods_SmartCartTests.framework */ = {isa = PBXFileReference; explicitFileType = wrapper.framework; includeInIndex = 0; path = Pods_SmartCartTests.framework; sourceTree = BUILT_PRODUCTS_DIR; };
		D43EA3A60D16D60BBC1931D4 /* Pods-SmartCartTests.release.xcconfig */ = {isa = PBXFileReference; includeInIndex = 1; lastKnownFileType = text.xcconfig; name = "Pods-SmartCartTests.release.xcconfig"; path = "Target Support Files/Pods-SmartCartTests/Pods-SmartCartTests.release.xcconfig"; sourceTree = "<group>"; };
/* End PBXFileReference section */

/* Begin PBXFrameworksBuildPhase section */
		CF6E0C062370415B0091CEC8 /* Frameworks */ = {
			isa = PBXFrameworksBuildPhase;
			buildActionMask = 2147483647;
			files = (
				6AC7D8E8D20C82CE62354A13 /* Pods_SmartCartTests.framework in Frameworks */,
			);
			runOnlyForDeploymentPostprocessing = 0;
		};
		CF787437235D7D7F0061AC90 /* Frameworks */ = {
			isa = PBXFrameworksBuildPhase;
			buildActionMask = 2147483647;
			files = (
				CF6E0CB123742ACB0091CEC8 /* libz.tbd in Frameworks */,
				CF6E0C71237179920091CEC8 /* SnapKit.framework in Frameworks */,
				856BC18E9FCF44465182BCFC /* Pods_SmartCart.framework in Frameworks */,
			);
			runOnlyForDeploymentPostprocessing = 0;
		};
/* End PBXFrameworksBuildPhase section */

/* Begin PBXGroup section */
		0B4DCBCEADC6A78F6247A8DC /* Pods */ = {
			isa = PBXGroup;
			children = (
				B08E8785721823CD8C3F62FA /* Pods-SmartCart.debug.xcconfig */,
				244EC6DB845CC7156737E88E /* Pods-SmartCart.release.xcconfig */,
				1EA988EA25BBA507798A2DFD /* Pods-SmartCartTests.debug.xcconfig */,
				D43EA3A60D16D60BBC1931D4 /* Pods-SmartCartTests.release.xcconfig */,
			);
			path = Pods;
			sourceTree = "<group>";
		};
		CF1EF0372394152200336EAA /* AddItem */ = {
			isa = PBXGroup;
			children = (
				CF1EF03A239415EE00336EAA /* AddItemController.swift */,
				CF1EF03C2394404100336EAA /* AddItemPresenter.swift */,
				CF1EF038239415E300336EAA /* AddItemView.swift */,
			);
			path = AddItem;
			sourceTree = "<group>";
		};
		CF1EF03E239447BE00336EAA /* Item */ = {
			isa = PBXGroup;
			children = (
				CF1EF03F239447CB00336EAA /* AddItem.swift */,
			);
			path = Item;
			sourceTree = "<group>";
		};
		CF417862237D2C0C009A11D6 /* Repositories */ = {
			isa = PBXGroup;
			children = (
				CF6E0C53237167390091CEC8 /* CartRepository.swift */,
				CFE308B52399435F00EF0601 /* ProductRepository.swift */,
				CF645AA123A902E600463F9D /* SupermarketRepository.swift */,
			);
			path = Repositories;
			sourceTree = "<group>";
		};
		CF417865237D2F1E009A11D6 /* Errors */ = {
			isa = PBXGroup;
			children = (
				CF6E0C82237184A90091CEC8 /* DataError.swift */,
				CF417863237D2F19009A11D6 /* ProductError.swift */,
			);
			path = Errors;
			sourceTree = "<group>";
		};
		CF417866237D3908009A11D6 /* Cart */ = {
			isa = PBXGroup;
			children = (
				CF6E3922237C45C1007F92F2 /* CreateNewCart.swift */,
				CF6E3924237C45D0007F92F2 /* LoadLastCart.swift */,
				CF6E3926237C45DA007F92F2 /* LoadAllCarts.swift */,
				CF6E3928237C45F5007F92F2 /* RemoveAllCarts.swift */,
				CF6E392A237C45FC007F92F2 /* RemoveCart.swift */,
			);
			path = Cart;
			sourceTree = "<group>";
		};
		CF417867237D390F009A11D6 /* DatabaseService */ = {
			isa = PBXGroup;
			children = (
				CF6E392C237C49E3007F92F2 /* CommitChange.swift */,
			);
			path = DatabaseService;
			sourceTree = "<group>";
		};
		CF417868237D3916009A11D6 /* Products */ = {
			isa = PBXGroup;
			children = (
				CFE78D1C237EFB6B00EBE2AA /* GetKnownProducts.swift */,
				CFE308AF2397C43C00EF0601 /* AddItemProduct.swift */,
			);
			path = Products;
			sourceTree = "<group>";
		};
		CF645A9A23A8A4F900463F9D /* Settings */ = {
			isa = PBXGroup;
			children = (
				CF645A9B23A8A50100463F9D /* SettingsController.swift */,
				CF645A9D23A8A50800463F9D /* SettingsView.swift */,
				CF645A9F23A8A51100463F9D /* SettingsPresenter.swift */,
			);
			path = Settings;
			sourceTree = "<group>";
		};
		CF6E0C0A2370415B0091CEC8 /* SmartCartTests */ = {
			isa = PBXGroup;
			children = (
				CF6E0C432371672B0091CEC8 /* CoreDataTests */,
				CF6E0C0B2370415B0091CEC8 /* SmartCartTests.swift */,
				CF6E0C0D2370415B0091CEC8 /* Info.plist */,
			);
			path = SmartCartTests;
			sourceTree = "<group>";
		};
		CF6E0C432371672B0091CEC8 /* CoreDataTests */ = {
			isa = PBXGroup;
			children = (
				CF6E0C442371672B0091CEC8 /* CoreDataTests.swift */,
				CF6E0C452371672B0091CEC8 /* ProductServiceTests.swift */,
			);
			path = CoreDataTests;
			sourceTree = "<group>";
		};
		CF6E0C48237167390091CEC8 /* Data */ = {
			isa = PBXGroup;
			children = (
				CF6E0C7B2371824E0091CEC8 /* Extensions */,
				CF6E0C4C237167390091CEC8 /* Services */,
			);
			path = Data;
			sourceTree = "<group>";
		};
		CF6E0C4C237167390091CEC8 /* Services */ = {
			isa = PBXGroup;
			children = (
				CF6E0C4D237167390091CEC8 /* ProductService.swift */,
				CF6E0C4E237167390091CEC8 /* DatabaseServiceImpl.swift */,
			);
			path = Services;
			sourceTree = "<group>";
		};
		CF6E0C4F237167390091CEC8 /* Domain */ = {
			isa = PBXGroup;
			children = (
				CF417862237D2C0C009A11D6 /* Repositories */,
				CF6E0C52237167390091CEC8 /* UseCases */,
				CF6E0C54237167390091CEC8 /* Entities */,
				CF6E0C8F23719AF00091CEC8 /* DomainAssembly.swift */,
			);
			path = Domain;
			sourceTree = "<group>";
		};
		CF6E0C52237167390091CEC8 /* UseCases */ = {
			isa = PBXGroup;
			children = (
				CF1EF03E239447BE00336EAA /* Item */,
				CF417868237D3916009A11D6 /* Products */,
				CF417867237D390F009A11D6 /* DatabaseService */,
				CF417866237D3908009A11D6 /* Cart */,
			);
			path = UseCases;
			sourceTree = "<group>";
		};
		CF6E0C54237167390091CEC8 /* Entities */ = {
			isa = PBXGroup;
			children = (
				CF417865237D2F1E009A11D6 /* Errors */,
				CF6E0C51237167390091CEC8 /* Scanner.swift */,
				CF6E0C55237167390091CEC8 /* CoreData */,
				CF6E0C5C237167390091CEC8 /* ItemEntity.swift */,
				CF6E0C5D237167390091CEC8 /* CartEntity.swift */,
				CF6E0C942371A2C10091CEC8 /* Logger.swift */,
				CF6E0C962371D87C0091CEC8 /* Assets.swift */,
			);
			path = Entities;
			sourceTree = "<group>";
		};
		CF6E0C55237167390091CEC8 /* CoreData */ = {
			isa = PBXGroup;
			children = (
				CFE308C9239C039500EF0601 /* Product+CoreDataClass.swift */,
				CFE308CA239C039500EF0601 /* Product+CoreDataProperties.swift */,
				CFE308C5239C035A00EF0601 /* Item+CoreDataClass.swift */,
				CFE308C6239C035A00EF0601 /* Item+CoreDataProperties.swift */,
				CF6E0CB4237433D40091CEC8 /* Cart+CoreDataClass.swift */,
				CF6E0CB5237433D40091CEC8 /* Cart+CoreDataProperties.swift */,
				CF6E0C57237167390091CEC8 /* ItemModel.xcdatamodeld */,
			);
			path = CoreData;
			sourceTree = "<group>";
		};
		CF6E0C5E237167390091CEC8 /* Presentation */ = {
			isa = PBXGroup;
			children = (
				CF645A9A23A8A4F900463F9D /* Settings */,
				CF6E0C9123719D740091CEC8 /* MainViewCoordinator.swift */,
				CFE308B7239970A200EF0601 /* AddProduct */,
				CFE308A32396D94E00EF0601 /* ManualAdd */,
				CF1EF0372394152200336EAA /* AddItem */,
				CF6E0C7A237180720091CEC8 /* Cart List */,
				CF6E0C7523717F710091CEC8 /* ItemList */,
				CF6E0C7423717F690091CEC8 /* Scanner */,
				CF6E0C89237199E40091CEC8 /* ScreenAssembly.swift */,
			);
			path = Presentation;
			sourceTree = "<group>";
		};
		CF6E0C6C2371675E0091CEC8 /* Application */ = {
			isa = PBXGroup;
			children = (
				CF6E0C86237199A90091CEC8 /* Module */,
				CF6E0C5E237167390091CEC8 /* Presentation */,
				CF6E0C4F237167390091CEC8 /* Domain */,
				CF6E0C48237167390091CEC8 /* Data */,
			);
			path = Application;
			sourceTree = "<group>";
		};
		CF6E0C6F237179920091CEC8 /* Frameworks */ = {
			isa = PBXGroup;
			children = (
				CF6E392E237C8A90007F92F2 /* SwiftOCR.framework */,
				CF6E0CB023742ACB0091CEC8 /* libz.tbd */,
				CF6E0C70237179920091CEC8 /* SnapKit.framework */,
				25E8B65ABCAFD21A50A9BA76 /* Pods_SmartCart.framework */,
				D05F14B15F919839A542D1FE /* Pods_SmartCartTests.framework */,
			);
			name = Frameworks;
			sourceTree = "<group>";
		};
		CF6E0C7423717F690091CEC8 /* Scanner */ = {
			isa = PBXGroup;
			children = (
				CFFE82C223AEA2C300E5B7FE /* Title */,
				CFFE82C123AEA2BD00E5B7FE /* Barcode */,
			);
			path = Scanner;
			sourceTree = "<group>";
		};
		CF6E0C7523717F710091CEC8 /* ItemList */ = {
			isa = PBXGroup;
			children = (
				CF6E0CA92372EF0B0091CEC8 /* Views */,
				CF6E0C7623717F9C0091CEC8 /* ItemListController.swift */,
				CF6E0C7823717FB70091CEC8 /* ItemListPresenter.swift */,
				CF6E0CAC2372F2410091CEC8 /* ItemListView.swift */,
				CF3D5BF4237B4B5D00F5D484 /* ItemListCoordinator.swift */,
			);
			path = ItemList;
			sourceTree = "<group>";
		};
		CF6E0C7A237180720091CEC8 /* Cart List */ = {
			isa = PBXGroup;
			children = (
				CF6E0C982371D8E60091CEC8 /* Views */,
				CF6E0C7E2371834D0091CEC8 /* CartListController.swift */,
				CF6E0C80237183770091CEC8 /* CartListPresenter.swift */,
				CF6E0C84237196910091CEC8 /* CartListView.swift */,
				CF6E0CBA2379396E0091CEC8 /* CartListCoordinator.swift */,
			);
			path = "Cart List";
			sourceTree = "<group>";
		};
		CF6E0C7B2371824E0091CEC8 /* Extensions */ = {
			isa = PBXGroup;
			children = (
				CF6E0C7C237182610091CEC8 /* UIColor+Colors.swift */,
				CF6E0C9B2371E2EE0091CEC8 /* UIStackView+Maker.swift */,
				CF6E0C9D2371E3540091CEC8 /* UITableView+Registration.swift */,
				CF6E0CAE23741BE70091CEC8 /* NSMutableAttributedString+Formatting.swift */,
				CFE308CF239C183B00EF0601 /* UITextField+DoneButton.swift */,
				CFE308D1239C18D600EF0601 /* UITextView+DoneButton.swift */,
			);
			path = Extensions;
			sourceTree = "<group>";
		};
		CF6E0C86237199A90091CEC8 /* Module */ = {
			isa = PBXGroup;
			children = (
				CF6E0C87237199BF0091CEC8 /* ScreenAssembler.swift */,
				CF6E0C8B23719A1C0091CEC8 /* ModuleAssembler.swift */,
				CF6E0C8D23719ADD0091CEC8 /* DomainAssembler.swift */,
			);
			path = Module;
			sourceTree = "<group>";
		};
		CF6E0C982371D8E60091CEC8 /* Views */ = {
			isa = PBXGroup;
			children = (
				CF6E0C992371D9300091CEC8 /* CartCell.swift */,
				CF6E0CA72372CB090091CEC8 /* CartListHeaderView.swift */,
			);
			path = Views;
			sourceTree = "<group>";
		};
		CF6E0CA92372EF0B0091CEC8 /* Views */ = {
			isa = PBXGroup;
			children = (
				CF6E0CAA2372EF170091CEC8 /* ItemCell.swift */,
			);
			path = Views;
			sourceTree = "<group>";
		};
		CF787431235D7D7F0061AC90 = {
			isa = PBXGroup;
			children = (
				CF78743C235D7D7F0061AC90 /* SmartCart */,
				CF6E0C0A2370415B0091CEC8 /* SmartCartTests */,
				CF78743B235D7D7F0061AC90 /* Products */,
				CF6E0C6F237179920091CEC8 /* Frameworks */,
				0B4DCBCEADC6A78F6247A8DC /* Pods */,
			);
			sourceTree = "<group>";
		};
		CF78743B235D7D7F0061AC90 /* Products */ = {
			isa = PBXGroup;
			children = (
				CF78743A235D7D7F0061AC90 /* SmartCart.app */,
				CF6E0C092370415B0091CEC8 /* SmartCartTests.xctest */,
			);
			name = Products;
			sourceTree = "<group>";
		};
		CF78743C235D7D7F0061AC90 /* SmartCart */ = {
			isa = PBXGroup;
			children = (
				CF6E0C6C2371675E0091CEC8 /* Application */,
				CF787451235D7DBE0061AC90 /* Resources */,
			);
			path = SmartCart;
			sourceTree = "<group>";
		};
		CF787451235D7DBE0061AC90 /* Resources */ = {
			isa = PBXGroup;
			children = (
				CF41785F237C9C1A009A11D6 /* GoogleService-Info.plist */,
				CF6E0C3523704DBA0091CEC8 /* products.json */,
				CF787448235D7D800061AC90 /* LaunchScreen.storyboard */,
				CF78744B235D7D800061AC90 /* Info.plist */,
				CF787446235D7D800061AC90 /* Assets.xcassets */,
				CF78743D235D7D7F0061AC90 /* AppDelegate.swift */,
			);
			path = Resources;
			sourceTree = "<group>";
		};
		CFE308A32396D94E00EF0601 /* ManualAdd */ = {
			isa = PBXGroup;
			children = (
				CFE308AA2397B62500EF0601 /* Views */,
				CFE308A42396D95A00EF0601 /* ManualAddController.swift */,
				CFE308AD2397BF5E00EF0601 /* ManualAddCoordinator.swift */,
				CFE308A62396D96000EF0601 /* ManualAddPresenter.swift */,
				CFE308A82396D96800EF0601 /* ManualAddView.swift */,
			);
			path = ManualAdd;
			sourceTree = "<group>";
		};
		CFE308AA2397B62500EF0601 /* Views */ = {
			isa = PBXGroup;
			children = (
				CFE308AB2397B62C00EF0601 /* ManualAddCell.swift */,
			);
			path = Views;
			sourceTree = "<group>";
		};
		CFE308B7239970A200EF0601 /* AddProduct */ = {
			isa = PBXGroup;
			children = (
				CFE308C2239A919B00EF0601 /* Views */,
				CFE308BA239970B700EF0601 /* AddProductController.swift */,
				CFE308BC239970C000EF0601 /* AddProductPresenter.swift */,
			);
			path = AddProduct;
			sourceTree = "<group>";
		};
		CFE308C2239A919B00EF0601 /* Views */ = {
			isa = PBXGroup;
			children = (
				CFE308B8239970B100EF0601 /* AddProductTextFieldCell.swift */,
				CFE308CD239C046F00EF0601 /* AddProductSelectionCell.swift */,
				CFE308C3239BFBB100EF0601 /* AddProductTextViewCell.swift */,
			);
			path = Views;
			sourceTree = "<group>";
		};
		CFFE82C123AEA2BD00E5B7FE /* Barcode */ = {
			isa = PBXGroup;
			children = (
				CF6E0C6D23716B120091CEC8 /* BarcodeScannerController.swift */,
				CFE78D1E237EFE4400EBE2AA /* BarcodeScannerPresenter.swift */,
			);
			path = Barcode;
			sourceTree = "<group>";
		};
		CFFE82C223AEA2C300E5B7FE /* Title */ = {
			isa = PBXGroup;
			children = (
				CF41785D237C9990009A11D6 /* TitleScannerController.swift */,
				CFFE82C323AEA2D900E5B7FE /* TitleScannerPresenter.swift */,
			);
			path = Title;
			sourceTree = "<group>";
		};
/* End PBXGroup section */

/* Begin PBXNativeTarget section */
		CF6E0C082370415B0091CEC8 /* SmartCartTests */ = {
			isa = PBXNativeTarget;
			buildConfigurationList = CF6E0C102370415B0091CEC8 /* Build configuration list for PBXNativeTarget "SmartCartTests" */;
			buildPhases = (
				1C74447A7D97DC760FBFE6B9 /* [CP] Check Pods Manifest.lock */,
				CF6E0C052370415B0091CEC8 /* Sources */,
				CF6E0C062370415B0091CEC8 /* Frameworks */,
				CF6E0C072370415B0091CEC8 /* Resources */,
			);
			buildRules = (
			);
			dependencies = (
				CF6E0C0F2370415B0091CEC8 /* PBXTargetDependency */,
			);
			name = SmartCartTests;
			productName = SmartCartTests;
			productReference = CF6E0C092370415B0091CEC8 /* SmartCartTests.xctest */;
			productType = "com.apple.product-type.bundle.unit-test";
		};
		CF787439235D7D7F0061AC90 /* SmartCart */ = {
			isa = PBXNativeTarget;
			buildConfigurationList = CF78744E235D7D800061AC90 /* Build configuration list for PBXNativeTarget "SmartCart" */;
			buildPhases = (
				A0B7589F2F0E890DA199C23B /* [CP] Check Pods Manifest.lock */,
				CF787436235D7D7F0061AC90 /* Sources */,
				CF787437235D7D7F0061AC90 /* Frameworks */,
				CF787438235D7D7F0061AC90 /* Resources */,
				CF6E0C73237179920091CEC8 /* Embed Frameworks */,
				2AD9D4B4C64113DB1DA05446 /* [CP] Embed Pods Frameworks */,
				B7F54601838E41F90185B0CC /* [CP] Copy Pods Resources */,
			);
			buildRules = (
			);
			dependencies = (
			);
			name = SmartCart;
			productName = SmartCart;
			productReference = CF78743A235D7D7F0061AC90 /* SmartCart.app */;
			productType = "com.apple.product-type.application";
		};
/* End PBXNativeTarget section */

/* Begin PBXProject section */
		CF787432235D7D7F0061AC90 /* Project object */ = {
			isa = PBXProject;
			attributes = {
				LastSwiftUpdateCheck = 1110;
				LastUpgradeCheck = 1110;
				ORGANIZATIONNAME = "Lukáš Šanda";
				TargetAttributes = {
					CF6E0C082370415B0091CEC8 = {
						CreatedOnToolsVersion = 11.1;
						TestTargetID = CF787439235D7D7F0061AC90;
					};
					CF787439235D7D7F0061AC90 = {
						CreatedOnToolsVersion = 11.1;
					};
				};
			};
			buildConfigurationList = CF787435235D7D7F0061AC90 /* Build configuration list for PBXProject "SmartCart" */;
			compatibilityVersion = "Xcode 9.3";
			developmentRegion = en;
			hasScannedForEncodings = 0;
			knownRegions = (
				en,
				Base,
			);
			mainGroup = CF787431235D7D7F0061AC90;
			productRefGroup = CF78743B235D7D7F0061AC90 /* Products */;
			projectDirPath = "";
			projectRoot = "";
			targets = (
				CF787439235D7D7F0061AC90 /* SmartCart */,
				CF6E0C082370415B0091CEC8 /* SmartCartTests */,
			);
		};
/* End PBXProject section */

/* Begin PBXResourcesBuildPhase section */
		CF6E0C072370415B0091CEC8 /* Resources */ = {
			isa = PBXResourcesBuildPhase;
			buildActionMask = 2147483647;
			files = (
			);
			runOnlyForDeploymentPostprocessing = 0;
		};
		CF787438235D7D7F0061AC90 /* Resources */ = {
			isa = PBXResourcesBuildPhase;
			buildActionMask = 2147483647;
			files = (
				CF6E0C3623704DBA0091CEC8 /* products.json in Resources */,
				CF417860237C9C1A009A11D6 /* GoogleService-Info.plist in Resources */,
				CF78744A235D7D800061AC90 /* LaunchScreen.storyboard in Resources */,
				CF787447235D7D800061AC90 /* Assets.xcassets in Resources */,
			);
			runOnlyForDeploymentPostprocessing = 0;
		};
/* End PBXResourcesBuildPhase section */

/* Begin PBXShellScriptBuildPhase section */
		1C74447A7D97DC760FBFE6B9 /* [CP] Check Pods Manifest.lock */ = {
			isa = PBXShellScriptBuildPhase;
			buildActionMask = 2147483647;
			files = (
			);
			inputFileListPaths = (
			);
			inputPaths = (
				"${PODS_PODFILE_DIR_PATH}/Podfile.lock",
				"${PODS_ROOT}/Manifest.lock",
			);
			name = "[CP] Check Pods Manifest.lock";
			outputFileListPaths = (
			);
			outputPaths = (
				"$(DERIVED_FILE_DIR)/Pods-SmartCartTests-checkManifestLockResult.txt",
			);
			runOnlyForDeploymentPostprocessing = 0;
			shellPath = /bin/sh;
			shellScript = "diff \"${PODS_PODFILE_DIR_PATH}/Podfile.lock\" \"${PODS_ROOT}/Manifest.lock\" > /dev/null\nif [ $? != 0 ] ; then\n    # print error to STDERR\n    echo \"error: The sandbox is not in sync with the Podfile.lock. Run 'pod install' or update your CocoaPods installation.\" >&2\n    exit 1\nfi\n# This output is used by Xcode 'outputs' to avoid re-running this script phase.\necho \"SUCCESS\" > \"${SCRIPT_OUTPUT_FILE_0}\"\n";
			showEnvVarsInLog = 0;
		};
		2AD9D4B4C64113DB1DA05446 /* [CP] Embed Pods Frameworks */ = {
			isa = PBXShellScriptBuildPhase;
			buildActionMask = 2147483647;
			files = (
			);
			inputFileListPaths = (
				"${PODS_ROOT}/Target Support Files/Pods-SmartCart/Pods-SmartCart-frameworks-${CONFIGURATION}-input-files.xcfilelist",
			);
			name = "[CP] Embed Pods Frameworks";
			outputFileListPaths = (
				"${PODS_ROOT}/Target Support Files/Pods-SmartCart/Pods-SmartCart-frameworks-${CONFIGURATION}-output-files.xcfilelist",
			);
			runOnlyForDeploymentPostprocessing = 0;
			shellPath = /bin/sh;
			shellScript = "\"${PODS_ROOT}/Target Support Files/Pods-SmartCart/Pods-SmartCart-frameworks.sh\"\n";
			showEnvVarsInLog = 0;
		};
		A0B7589F2F0E890DA199C23B /* [CP] Check Pods Manifest.lock */ = {
			isa = PBXShellScriptBuildPhase;
			buildActionMask = 2147483647;
			files = (
			);
			inputFileListPaths = (
			);
			inputPaths = (
				"${PODS_PODFILE_DIR_PATH}/Podfile.lock",
				"${PODS_ROOT}/Manifest.lock",
			);
			name = "[CP] Check Pods Manifest.lock";
			outputFileListPaths = (
			);
			outputPaths = (
				"$(DERIVED_FILE_DIR)/Pods-SmartCart-checkManifestLockResult.txt",
			);
			runOnlyForDeploymentPostprocessing = 0;
			shellPath = /bin/sh;
			shellScript = "diff \"${PODS_PODFILE_DIR_PATH}/Podfile.lock\" \"${PODS_ROOT}/Manifest.lock\" > /dev/null\nif [ $? != 0 ] ; then\n    # print error to STDERR\n    echo \"error: The sandbox is not in sync with the Podfile.lock. Run 'pod install' or update your CocoaPods installation.\" >&2\n    exit 1\nfi\n# This output is used by Xcode 'outputs' to avoid re-running this script phase.\necho \"SUCCESS\" > \"${SCRIPT_OUTPUT_FILE_0}\"\n";
			showEnvVarsInLog = 0;
		};
		B7F54601838E41F90185B0CC /* [CP] Copy Pods Resources */ = {
			isa = PBXShellScriptBuildPhase;
			buildActionMask = 2147483647;
			files = (
			);
			inputFileListPaths = (
				"${PODS_ROOT}/Target Support Files/Pods-SmartCart/Pods-SmartCart-resources-${CONFIGURATION}-input-files.xcfilelist",
			);
			name = "[CP] Copy Pods Resources";
			outputFileListPaths = (
				"${PODS_ROOT}/Target Support Files/Pods-SmartCart/Pods-SmartCart-resources-${CONFIGURATION}-output-files.xcfilelist",
			);
			runOnlyForDeploymentPostprocessing = 0;
			shellPath = /bin/sh;
			shellScript = "\"${PODS_ROOT}/Target Support Files/Pods-SmartCart/Pods-SmartCart-resources.sh\"\n";
			showEnvVarsInLog = 0;
		};
/* End PBXShellScriptBuildPhase section */

/* Begin PBXSourcesBuildPhase section */
		CF6E0C052370415B0091CEC8 /* Sources */ = {
			isa = PBXSourcesBuildPhase;
			buildActionMask = 2147483647;
			files = (
				CF6E0C472371672B0091CEC8 /* ProductServiceTests.swift in Sources */,
				CF6E0C462371672B0091CEC8 /* CoreDataTests.swift in Sources */,
				CF6E0C0C2370415B0091CEC8 /* SmartCartTests.swift in Sources */,
			);
			runOnlyForDeploymentPostprocessing = 0;
		};
		CF787436235D7D7F0061AC90 /* Sources */ = {
			isa = PBXSourcesBuildPhase;
			buildActionMask = 2147483647;
			files = (
				CF78743E235D7D7F0061AC90 /* AppDelegate.swift in Sources */,
				CF6E3925237C45D0007F92F2 /* LoadLastCart.swift in Sources */,
				CFE308A92396D96800EF0601 /* ManualAddView.swift in Sources */,
				CF6E0CB9237433D40091CEC8 /* Cart+CoreDataProperties.swift in Sources */,
				CF6E0CA82372CB090091CEC8 /* CartListHeaderView.swift in Sources */,
				CF645A9E23A8A50800463F9D /* SettingsView.swift in Sources */,
				CF3D5BF5237B4B5D00F5D484 /* ItemListCoordinator.swift in Sources */,
				CF6E0CBB2379396E0091CEC8 /* CartListCoordinator.swift in Sources */,
				CF6E0C83237184A90091CEC8 /* DataError.swift in Sources */,
				CFE308CE239C046F00EF0601 /* AddProductSelectionCell.swift in Sources */,
				CF6E0C64237167390091CEC8 /* CartRepository.swift in Sources */,
				CF6E0C952371A2C10091CEC8 /* Logger.swift in Sources */,
				CFE308BD239970C000EF0601 /* AddProductPresenter.swift in Sources */,
				CF6E0C88237199BF0091CEC8 /* ScreenAssembler.swift in Sources */,
				CFE308D2239C18D600EF0601 /* UITextView+DoneButton.swift in Sources */,
				CF645AA223A902E600463F9D /* SupermarketRepository.swift in Sources */,
				CF6E0C6A237167390091CEC8 /* ItemEntity.swift in Sources */,
				CF6E0C7F2371834D0091CEC8 /* CartListController.swift in Sources */,
				CF1EF040239447CB00336EAA /* AddItem.swift in Sources */,
				CFE308B62399435F00EF0601 /* ProductRepository.swift in Sources */,
				CFE308D0239C183B00EF0601 /* UITextField+DoneButton.swift in Sources */,
				CFE308AE2397BF5E00EF0601 /* ManualAddCoordinator.swift in Sources */,
				CFE308CC239C039500EF0601 /* Product+CoreDataProperties.swift in Sources */,
				CFE308BB239970B700EF0601 /* AddProductController.swift in Sources */,
				CF1EF039239415E300336EAA /* AddItemView.swift in Sources */,
				CF6E0C8C23719A1C0091CEC8 /* ModuleAssembler.swift in Sources */,
				CF6E0CAD2372F2410091CEC8 /* ItemListView.swift in Sources */,
				CF6E0C7923717FB70091CEC8 /* ItemListPresenter.swift in Sources */,
				CFE78D1D237EFB6B00EBE2AA /* GetKnownProducts.swift in Sources */,
				CFE308B9239970B100EF0601 /* AddProductTextFieldCell.swift in Sources */,
				CF6E3923237C45C1007F92F2 /* CreateNewCart.swift in Sources */,
				CF6E0CAB2372EF170091CEC8 /* ItemCell.swift in Sources */,
				CF6E0C9023719AF00091CEC8 /* DomainAssembly.swift in Sources */,
				CF6E0C85237196910091CEC8 /* CartListView.swift in Sources */,
				CF6E392B237C45FC007F92F2 /* RemoveCart.swift in Sources */,
				CF6E0C8A237199E40091CEC8 /* ScreenAssembly.swift in Sources */,
				CF6E0C7723717F9C0091CEC8 /* ItemListController.swift in Sources */,
				CFE308A52396D95A00EF0601 /* ManualAddController.swift in Sources */,
				CF6E0C7723717F9C0091CEC8 /* ItemListController.swift in Sources */,
				CF41785E237C9990009A11D6 /* TitleScannerController.swift in Sources */,
				CF6E0C9E2371E3540091CEC8 /* UITableView+Registration.swift in Sources */,
				CF6E3929237C45F5007F92F2 /* RemoveAllCarts.swift in Sources */,
				CF6E0C81237183770091CEC8 /* CartListPresenter.swift in Sources */,
				CFE308C7239C035A00EF0601 /* Item+CoreDataClass.swift in Sources */,
				CF6E0C6B237167390091CEC8 /* CartEntity.swift in Sources */,
				CFE308CB239C039500EF0601 /* Product+CoreDataClass.swift in Sources */,
				CF1EF03B239415EE00336EAA /* AddItemController.swift in Sources */,
				CF1EF03D2394404100336EAA /* AddItemPresenter.swift in Sources */,
				CF6E0C62237167390091CEC8 /* DatabaseServiceImpl.swift in Sources */,
				CF6E0C66237167390091CEC8 /* ItemModel.xcdatamodeld in Sources */,
				CFE308C8239C035A00EF0601 /* Item+CoreDataProperties.swift in Sources */,
				CF6E0C7D237182610091CEC8 /* UIColor+Colors.swift in Sources */,
				CF6E0C61237167390091CEC8 /* ProductService.swift in Sources */,
				CFE308B02397C43C00EF0601 /* AddItemProduct.swift in Sources */,
				CF645A9C23A8A50100463F9D /* SettingsController.swift in Sources */,
				CF6E0C972371D87C0091CEC8 /* Assets.swift in Sources */,
				CF6E3927237C45DA007F92F2 /* LoadAllCarts.swift in Sources */,
				CF6E0C9A2371D9300091CEC8 /* CartCell.swift in Sources */,
				CFE78D1F237EFE4400EBE2AA /* BarcodeScannerPresenter.swift in Sources */,
				CFE308A72396D96000EF0601 /* ManualAddPresenter.swift in Sources */,
				CF6E392D237C49E3007F92F2 /* CommitChange.swift in Sources */,
				CFE308AC2397B62C00EF0601 /* ManualAddCell.swift in Sources */,
				CF417864237D2F19009A11D6 /* ProductError.swift in Sources */,
				CFE308C4239BFBB100EF0601 /* AddProductTextViewCell.swift in Sources */,
				CF6E0C6E23716B120091CEC8 /* BarcodeScannerController.swift in Sources */,
				CF6E0CAF23741BE70091CEC8 /* NSMutableAttributedString+Formatting.swift in Sources */,
				CF6E0C9C2371E2EE0091CEC8 /* UIStackView+Maker.swift in Sources */,
				CFFE82C423AEA2D900E5B7FE /* TitleScannerPresenter.swift in Sources */,
				CF6E0C9223719D740091CEC8 /* MainViewCoordinator.swift in Sources */,
				CF645AA023A8A51100463F9D /* SettingsPresenter.swift in Sources */,
				CF6E0C8E23719ADD0091CEC8 /* DomainAssembler.swift in Sources */,
				CF6E0C63237167390091CEC8 /* Scanner.swift in Sources */,
				CF6E0CB8237433D40091CEC8 /* Cart+CoreDataClass.swift in Sources */,
			);
			runOnlyForDeploymentPostprocessing = 0;
		};
/* End PBXSourcesBuildPhase section */

/* Begin PBXTargetDependency section */
		CF6E0C0F2370415B0091CEC8 /* PBXTargetDependency */ = {
			isa = PBXTargetDependency;
			target = CF787439235D7D7F0061AC90 /* SmartCart */;
			targetProxy = CF6E0C0E2370415B0091CEC8 /* PBXContainerItemProxy */;
		};
/* End PBXTargetDependency section */

/* Begin PBXVariantGroup section */
		CF787448235D7D800061AC90 /* LaunchScreen.storyboard */ = {
			isa = PBXVariantGroup;
			children = (
				CF787449235D7D800061AC90 /* Base */,
			);
			name = LaunchScreen.storyboard;
			sourceTree = "<group>";
		};
/* End PBXVariantGroup section */

/* Begin XCBuildConfiguration section */
		CF6E0C112370415B0091CEC8 /* Debug */ = {
			isa = XCBuildConfiguration;
			baseConfigurationReference = 1EA988EA25BBA507798A2DFD /* Pods-SmartCartTests.debug.xcconfig */;
			buildSettings = {
				BUNDLE_LOADER = "$(TEST_HOST)";
				CODE_SIGN_STYLE = Automatic;
				DEVELOPMENT_TEAM = KMBJ65VB77;
				INFOPLIST_FILE = SmartCartTests/Info.plist;
				LD_RUNPATH_SEARCH_PATHS = (
					"$(inherited)",
					"@executable_path/Frameworks",
					"@loader_path/Frameworks",
				);
				PRODUCT_BUNDLE_IDENTIFIER = cz.lukasSanda.smap.SmartCartTests;
				PRODUCT_NAME = "$(TARGET_NAME)";
				SWIFT_VERSION = 5.0;
				TARGETED_DEVICE_FAMILY = "1,2";
				TEST_HOST = "$(BUILT_PRODUCTS_DIR)/SmartCart.app/SmartCart";
			};
			name = Debug;
		};
		CF6E0C122370415B0091CEC8 /* Release */ = {
			isa = XCBuildConfiguration;
			baseConfigurationReference = D43EA3A60D16D60BBC1931D4 /* Pods-SmartCartTests.release.xcconfig */;
			buildSettings = {
				BUNDLE_LOADER = "$(TEST_HOST)";
				CODE_SIGN_STYLE = Automatic;
				DEVELOPMENT_TEAM = KMBJ65VB77;
				INFOPLIST_FILE = SmartCartTests/Info.plist;
				LD_RUNPATH_SEARCH_PATHS = (
					"$(inherited)",
					"@executable_path/Frameworks",
					"@loader_path/Frameworks",
				);
				PRODUCT_BUNDLE_IDENTIFIER = cz.lukasSanda.smap.SmartCartTests;
				PRODUCT_NAME = "$(TARGET_NAME)";
				SWIFT_VERSION = 5.0;
				TARGETED_DEVICE_FAMILY = "1,2";
				TEST_HOST = "$(BUILT_PRODUCTS_DIR)/SmartCart.app/SmartCart";
			};
			name = Release;
		};
		CF78744C235D7D800061AC90 /* Debug */ = {
			isa = XCBuildConfiguration;
			buildSettings = {
				ALWAYS_SEARCH_USER_PATHS = NO;
				CLANG_ANALYZER_NONNULL = YES;
				CLANG_ANALYZER_NUMBER_OBJECT_CONVERSION = YES_AGGRESSIVE;
				CLANG_CXX_LANGUAGE_STANDARD = "gnu++14";
				CLANG_CXX_LIBRARY = "libc++";
				CLANG_ENABLE_MODULES = YES;
				CLANG_ENABLE_OBJC_ARC = YES;
				CLANG_ENABLE_OBJC_WEAK = YES;
				CLANG_WARN_BLOCK_CAPTURE_AUTORELEASING = YES;
				CLANG_WARN_BOOL_CONVERSION = YES;
				CLANG_WARN_COMMA = YES;
				CLANG_WARN_CONSTANT_CONVERSION = YES;
				CLANG_WARN_DEPRECATED_OBJC_IMPLEMENTATIONS = YES;
				CLANG_WARN_DIRECT_OBJC_ISA_USAGE = YES_ERROR;
				CLANG_WARN_DOCUMENTATION_COMMENTS = YES;
				CLANG_WARN_EMPTY_BODY = YES;
				CLANG_WARN_ENUM_CONVERSION = YES;
				CLANG_WARN_INFINITE_RECURSION = YES;
				CLANG_WARN_INT_CONVERSION = YES;
				CLANG_WARN_NON_LITERAL_NULL_CONVERSION = YES;
				CLANG_WARN_OBJC_IMPLICIT_RETAIN_SELF = YES;
				CLANG_WARN_OBJC_LITERAL_CONVERSION = YES;
				CLANG_WARN_OBJC_ROOT_CLASS = YES_ERROR;
				CLANG_WARN_RANGE_LOOP_ANALYSIS = YES;
				CLANG_WARN_STRICT_PROTOTYPES = YES;
				CLANG_WARN_SUSPICIOUS_MOVE = YES;
				CLANG_WARN_UNGUARDED_AVAILABILITY = YES_AGGRESSIVE;
				CLANG_WARN_UNREACHABLE_CODE = YES;
				CLANG_WARN__DUPLICATE_METHOD_MATCH = YES;
				COPY_PHASE_STRIP = NO;
				DEBUG_INFORMATION_FORMAT = dwarf;
				ENABLE_STRICT_OBJC_MSGSEND = YES;
				ENABLE_TESTABILITY = YES;
				GCC_C_LANGUAGE_STANDARD = gnu11;
				GCC_DYNAMIC_NO_PIC = NO;
				GCC_NO_COMMON_BLOCKS = YES;
				GCC_OPTIMIZATION_LEVEL = 0;
				GCC_PREPROCESSOR_DEFINITIONS = (
					"DEBUG=1",
					"$(inherited)",
				);
				GCC_WARN_64_TO_32_BIT_CONVERSION = YES;
				GCC_WARN_ABOUT_RETURN_TYPE = YES_ERROR;
				GCC_WARN_UNDECLARED_SELECTOR = YES;
				GCC_WARN_UNINITIALIZED_AUTOS = YES_AGGRESSIVE;
				GCC_WARN_UNUSED_FUNCTION = YES;
				GCC_WARN_UNUSED_VARIABLE = YES;
				IPHONEOS_DEPLOYMENT_TARGET = 13.1;
				MTL_ENABLE_DEBUG_INFO = INCLUDE_SOURCE;
				MTL_FAST_MATH = YES;
				ONLY_ACTIVE_ARCH = YES;
				SDKROOT = iphoneos;
				SWIFT_ACTIVE_COMPILATION_CONDITIONS = DEBUG;
				SWIFT_OPTIMIZATION_LEVEL = "-Onone";
			};
			name = Debug;
		};
		CF78744D235D7D800061AC90 /* Release */ = {
			isa = XCBuildConfiguration;
			buildSettings = {
				ALWAYS_SEARCH_USER_PATHS = NO;
				CLANG_ANALYZER_NONNULL = YES;
				CLANG_ANALYZER_NUMBER_OBJECT_CONVERSION = YES_AGGRESSIVE;
				CLANG_CXX_LANGUAGE_STANDARD = "gnu++14";
				CLANG_CXX_LIBRARY = "libc++";
				CLANG_ENABLE_MODULES = YES;
				CLANG_ENABLE_OBJC_ARC = YES;
				CLANG_ENABLE_OBJC_WEAK = YES;
				CLANG_WARN_BLOCK_CAPTURE_AUTORELEASING = YES;
				CLANG_WARN_BOOL_CONVERSION = YES;
				CLANG_WARN_COMMA = YES;
				CLANG_WARN_CONSTANT_CONVERSION = YES;
				CLANG_WARN_DEPRECATED_OBJC_IMPLEMENTATIONS = YES;
				CLANG_WARN_DIRECT_OBJC_ISA_USAGE = YES_ERROR;
				CLANG_WARN_DOCUMENTATION_COMMENTS = YES;
				CLANG_WARN_EMPTY_BODY = YES;
				CLANG_WARN_ENUM_CONVERSION = YES;
				CLANG_WARN_INFINITE_RECURSION = YES;
				CLANG_WARN_INT_CONVERSION = YES;
				CLANG_WARN_NON_LITERAL_NULL_CONVERSION = YES;
				CLANG_WARN_OBJC_IMPLICIT_RETAIN_SELF = YES;
				CLANG_WARN_OBJC_LITERAL_CONVERSION = YES;
				CLANG_WARN_OBJC_ROOT_CLASS = YES_ERROR;
				CLANG_WARN_RANGE_LOOP_ANALYSIS = YES;
				CLANG_WARN_STRICT_PROTOTYPES = YES;
				CLANG_WARN_SUSPICIOUS_MOVE = YES;
				CLANG_WARN_UNGUARDED_AVAILABILITY = YES_AGGRESSIVE;
				CLANG_WARN_UNREACHABLE_CODE = YES;
				CLANG_WARN__DUPLICATE_METHOD_MATCH = YES;
				COPY_PHASE_STRIP = NO;
				DEBUG_INFORMATION_FORMAT = "dwarf-with-dsym";
				ENABLE_NS_ASSERTIONS = NO;
				ENABLE_STRICT_OBJC_MSGSEND = YES;
				GCC_C_LANGUAGE_STANDARD = gnu11;
				GCC_NO_COMMON_BLOCKS = YES;
				GCC_WARN_64_TO_32_BIT_CONVERSION = YES;
				GCC_WARN_ABOUT_RETURN_TYPE = YES_ERROR;
				GCC_WARN_UNDECLARED_SELECTOR = YES;
				GCC_WARN_UNINITIALIZED_AUTOS = YES_AGGRESSIVE;
				GCC_WARN_UNUSED_FUNCTION = YES;
				GCC_WARN_UNUSED_VARIABLE = YES;
				IPHONEOS_DEPLOYMENT_TARGET = 13.1;
				MTL_ENABLE_DEBUG_INFO = NO;
				MTL_FAST_MATH = YES;
				SDKROOT = iphoneos;
				SWIFT_COMPILATION_MODE = wholemodule;
				SWIFT_OPTIMIZATION_LEVEL = "-O";
				VALIDATE_PRODUCT = YES;
			};
			name = Release;
		};
		CF78744F235D7D800061AC90 /* Debug */ = {
			isa = XCBuildConfiguration;
			baseConfigurationReference = B08E8785721823CD8C3F62FA /* Pods-SmartCart.debug.xcconfig */;
			buildSettings = {
				ASSETCATALOG_COMPILER_APPICON_NAME = AppIcon;
				CODE_SIGN_STYLE = Automatic;
				DEVELOPMENT_TEAM = KMBJ65VB77;
				FRAMEWORK_SEARCH_PATHS = (
					"$(inherited)",
					"$(PROJECT_DIR)/Carthage/Build/iOS",
				);
				INFOPLIST_FILE = "$(SRCROOT)/SmartCart/Resources/Info.plist";
				IPHONEOS_DEPLOYMENT_TARGET = 13.1;
				LD_RUNPATH_SEARCH_PATHS = (
					"$(inherited)",
					"@executable_path/Frameworks",
				);
				PRODUCT_BUNDLE_IDENTIFIER = cz.lukasSanda.smap.SmartCart;
				PRODUCT_NAME = "$(TARGET_NAME)";
				SWIFT_VERSION = 5.0;
				TARGETED_DEVICE_FAMILY = 1;
			};
			name = Debug;
		};
		CF787450235D7D800061AC90 /* Release */ = {
			isa = XCBuildConfiguration;
			baseConfigurationReference = 244EC6DB845CC7156737E88E /* Pods-SmartCart.release.xcconfig */;
			buildSettings = {
				ASSETCATALOG_COMPILER_APPICON_NAME = AppIcon;
				CODE_SIGN_STYLE = Automatic;
				DEVELOPMENT_TEAM = KMBJ65VB77;
				FRAMEWORK_SEARCH_PATHS = (
					"$(inherited)",
					"$(PROJECT_DIR)/Carthage/Build/iOS",
				);
				INFOPLIST_FILE = "$(SRCROOT)/SmartCart/Resources/Info.plist";
				IPHONEOS_DEPLOYMENT_TARGET = 13.1;
				LD_RUNPATH_SEARCH_PATHS = (
					"$(inherited)",
					"@executable_path/Frameworks",
				);
				PRODUCT_BUNDLE_IDENTIFIER = cz.lukasSanda.smap.SmartCart;
				PRODUCT_NAME = "$(TARGET_NAME)";
				SWIFT_VERSION = 5.0;
				TARGETED_DEVICE_FAMILY = 1;
			};
			name = Release;
		};
/* End XCBuildConfiguration section */

/* Begin XCConfigurationList section */
		CF6E0C102370415B0091CEC8 /* Build configuration list for PBXNativeTarget "SmartCartTests" */ = {
			isa = XCConfigurationList;
			buildConfigurations = (
				CF6E0C112370415B0091CEC8 /* Debug */,
				CF6E0C122370415B0091CEC8 /* Release */,
			);
			defaultConfigurationIsVisible = 0;
			defaultConfigurationName = Release;
		};
		CF787435235D7D7F0061AC90 /* Build configuration list for PBXProject "SmartCart" */ = {
			isa = XCConfigurationList;
			buildConfigurations = (
				CF78744C235D7D800061AC90 /* Debug */,
				CF78744D235D7D800061AC90 /* Release */,
			);
			defaultConfigurationIsVisible = 0;
			defaultConfigurationName = Release;
		};
		CF78744E235D7D800061AC90 /* Build configuration list for PBXNativeTarget "SmartCart" */ = {
			isa = XCConfigurationList;
			buildConfigurations = (
				CF78744F235D7D800061AC90 /* Debug */,
				CF787450235D7D800061AC90 /* Release */,
			);
			defaultConfigurationIsVisible = 0;
			defaultConfigurationName = Release;
		};
/* End XCConfigurationList section */

/* Begin XCVersionGroup section */
		CF6E0C57237167390091CEC8 /* ItemModel.xcdatamodeld */ = {
			isa = XCVersionGroup;
			children = (
				CF6E0C58237167390091CEC8 /* ItemModel.xcdatamodel */,
			);
			currentVersion = CF6E0C58237167390091CEC8 /* ItemModel.xcdatamodel */;
			path = ItemModel.xcdatamodeld;
			sourceTree = "<group>";
			versionGroupType = wrapper.xcdatamodel;
		};
/* End XCVersionGroup section */
	};
	rootObject = CF787432235D7D7F0061AC90 /* Project object */;
}
