// !$*UTF8*$!
{
	archiveVersion = 1;
	classes = {
	};
	objectVersion = 50;
	objects = {

/* Begin PBXBuildFile section */
		CF6E0C0C2370415B0091CEC8 /* SmartCartTests.swift in Sources */ = {isa = PBXBuildFile; fileRef = CF6E0C0B2370415B0091CEC8 /* SmartCartTests.swift */; };
		CF6E0C3623704DBA0091CEC8 /* products.json in Resources */ = {isa = PBXBuildFile; fileRef = CF6E0C3523704DBA0091CEC8 /* products.json */; };
		CF6E0C462371672B0091CEC8 /* CoreDataTests.swift in Sources */ = {isa = PBXBuildFile; fileRef = CF6E0C442371672B0091CEC8 /* CoreDataTests.swift */; };
		CF6E0C472371672B0091CEC8 /* ProductServiceTests.swift in Sources */ = {isa = PBXBuildFile; fileRef = CF6E0C452371672B0091CEC8 /* ProductServiceTests.swift */; };
		CF6E0C61237167390091CEC8 /* ProductCacheService.swift in Sources */ = {isa = PBXBuildFile; fileRef = CF6E0C4D237167390091CEC8 /* ProductCacheService.swift */; };
		CF6E0C62237167390091CEC8 /* DatabaseService.swift in Sources */ = {isa = PBXBuildFile; fileRef = CF6E0C4E237167390091CEC8 /* DatabaseService.swift */; };
		CF6E0C63237167390091CEC8 /* Scanner.swift in Sources */ = {isa = PBXBuildFile; fileRef = CF6E0C51237167390091CEC8 /* Scanner.swift */; };
		CF6E0C64237167390091CEC8 /* CartRepository.swift in Sources */ = {isa = PBXBuildFile; fileRef = CF6E0C53237167390091CEC8 /* CartRepository.swift */; };
		CF6E0C65237167390091CEC8 /* Cart+CoreDataProperties.swift in Sources */ = {isa = PBXBuildFile; fileRef = CF6E0C56237167390091CEC8 /* Cart+CoreDataProperties.swift */; };
		CF6E0C66237167390091CEC8 /* ItemModel.xcdatamodeld in Sources */ = {isa = PBXBuildFile; fileRef = CF6E0C57237167390091CEC8 /* ItemModel.xcdatamodeld */; };
		CF6E0C67237167390091CEC8 /* Item+CoreDataProperties.swift in Sources */ = {isa = PBXBuildFile; fileRef = CF6E0C59237167390091CEC8 /* Item+CoreDataProperties.swift */; };
		CF6E0C68237167390091CEC8 /* Cart+CoreDataClass.swift in Sources */ = {isa = PBXBuildFile; fileRef = CF6E0C5A237167390091CEC8 /* Cart+CoreDataClass.swift */; };
		CF6E0C69237167390091CEC8 /* Item+CoreDataClass.swift in Sources */ = {isa = PBXBuildFile; fileRef = CF6E0C5B237167390091CEC8 /* Item+CoreDataClass.swift */; };
		CF6E0C6A237167390091CEC8 /* ItemEntity.swift in Sources */ = {isa = PBXBuildFile; fileRef = CF6E0C5C237167390091CEC8 /* ItemEntity.swift */; };
		CF6E0C6B237167390091CEC8 /* CartEntity.swift in Sources */ = {isa = PBXBuildFile; fileRef = CF6E0C5D237167390091CEC8 /* CartEntity.swift */; };
		CF6E0C6E23716B120091CEC8 /* ScannerViewController.swift in Sources */ = {isa = PBXBuildFile; fileRef = CF6E0C6D23716B120091CEC8 /* ScannerViewController.swift */; };
		CF6E0C71237179920091CEC8 /* SnapKit.framework in Frameworks */ = {isa = PBXBuildFile; fileRef = CF6E0C70237179920091CEC8 /* SnapKit.framework */; };
		CF6E0C72237179920091CEC8 /* SnapKit.framework in Embed Frameworks */ = {isa = PBXBuildFile; fileRef = CF6E0C70237179920091CEC8 /* SnapKit.framework */; settings = {ATTRIBUTES = (CodeSignOnCopy, RemoveHeadersOnCopy, ); }; };
		CF78743E235D7D7F0061AC90 /* AppDelegate.swift in Sources */ = {isa = PBXBuildFile; fileRef = CF78743D235D7D7F0061AC90 /* AppDelegate.swift */; };
		CF787447235D7D800061AC90 /* Assets.xcassets in Resources */ = {isa = PBXBuildFile; fileRef = CF787446235D7D800061AC90 /* Assets.xcassets */; };
		CF78744A235D7D800061AC90 /* LaunchScreen.storyboard in Resources */ = {isa = PBXBuildFile; fileRef = CF787448235D7D800061AC90 /* LaunchScreen.storyboard */; };
/* End PBXBuildFile section */

/* Begin PBXContainerItemProxy section */
		CF6E0C0E2370415B0091CEC8 /* PBXContainerItemProxy */ = {
			isa = PBXContainerItemProxy;
			containerPortal = CF787432235D7D7F0061AC90 /* Project object */;
			proxyType = 1;
			remoteGlobalIDString = CF787439235D7D7F0061AC90;
			remoteInfo = SmartCart;
		};
/* End PBXContainerItemProxy section */

/* Begin PBXCopyFilesBuildPhase section */
		CF6E0C73237179920091CEC8 /* Embed Frameworks */ = {
			isa = PBXCopyFilesBuildPhase;
			buildActionMask = 2147483647;
			dstPath = "";
			dstSubfolderSpec = 10;
			files = (
				CF6E0C72237179920091CEC8 /* SnapKit.framework in Embed Frameworks */,
			);
			name = "Embed Frameworks";
			runOnlyForDeploymentPostprocessing = 0;
		};
/* End PBXCopyFilesBuildPhase section */

/* Begin PBXFileReference section */
		CF6E0C092370415B0091CEC8 /* SmartCartTests.xctest */ = {isa = PBXFileReference; explicitFileType = wrapper.cfbundle; includeInIndex = 0; path = SmartCartTests.xctest; sourceTree = BUILT_PRODUCTS_DIR; };
		CF6E0C0B2370415B0091CEC8 /* SmartCartTests.swift */ = {isa = PBXFileReference; lastKnownFileType = sourcecode.swift; path = SmartCartTests.swift; sourceTree = "<group>"; };
		CF6E0C0D2370415B0091CEC8 /* Info.plist */ = {isa = PBXFileReference; lastKnownFileType = text.plist.xml; path = Info.plist; sourceTree = "<group>"; };
		CF6E0C3523704DBA0091CEC8 /* products.json */ = {isa = PBXFileReference; fileEncoding = 4; lastKnownFileType = text.json; path = products.json; sourceTree = "<group>"; };
		CF6E0C442371672B0091CEC8 /* CoreDataTests.swift */ = {isa = PBXFileReference; fileEncoding = 4; lastKnownFileType = sourcecode.swift; path = CoreDataTests.swift; sourceTree = "<group>"; };
		CF6E0C452371672B0091CEC8 /* ProductServiceTests.swift */ = {isa = PBXFileReference; fileEncoding = 4; lastKnownFileType = sourcecode.swift; path = ProductServiceTests.swift; sourceTree = "<group>"; };
		CF6E0C4D237167390091CEC8 /* ProductCacheService.swift */ = {isa = PBXFileReference; fileEncoding = 4; lastKnownFileType = sourcecode.swift; path = ProductCacheService.swift; sourceTree = "<group>"; };
		CF6E0C4E237167390091CEC8 /* DatabaseService.swift */ = {isa = PBXFileReference; fileEncoding = 4; lastKnownFileType = sourcecode.swift; path = DatabaseService.swift; sourceTree = "<group>"; };
		CF6E0C51237167390091CEC8 /* Scanner.swift */ = {isa = PBXFileReference; fileEncoding = 4; lastKnownFileType = sourcecode.swift; path = Scanner.swift; sourceTree = "<group>"; };
		CF6E0C53237167390091CEC8 /* CartRepository.swift */ = {isa = PBXFileReference; fileEncoding = 4; lastKnownFileType = sourcecode.swift; path = CartRepository.swift; sourceTree = "<group>"; };
		CF6E0C56237167390091CEC8 /* Cart+CoreDataProperties.swift */ = {isa = PBXFileReference; fileEncoding = 4; lastKnownFileType = sourcecode.swift; path = "Cart+CoreDataProperties.swift"; sourceTree = "<group>"; };
		CF6E0C58237167390091CEC8 /* ItemModel.xcdatamodel */ = {isa = PBXFileReference; lastKnownFileType = wrapper.xcdatamodel; path = ItemModel.xcdatamodel; sourceTree = "<group>"; };
		CF6E0C59237167390091CEC8 /* Item+CoreDataProperties.swift */ = {isa = PBXFileReference; fileEncoding = 4; lastKnownFileType = sourcecode.swift; path = "Item+CoreDataProperties.swift"; sourceTree = "<group>"; };
		CF6E0C5A237167390091CEC8 /* Cart+CoreDataClass.swift */ = {isa = PBXFileReference; fileEncoding = 4; lastKnownFileType = sourcecode.swift; path = "Cart+CoreDataClass.swift"; sourceTree = "<group>"; };
		CF6E0C5B237167390091CEC8 /* Item+CoreDataClass.swift */ = {isa = PBXFileReference; fileEncoding = 4; lastKnownFileType = sourcecode.swift; path = "Item+CoreDataClass.swift"; sourceTree = "<group>"; };
		CF6E0C5C237167390091CEC8 /* ItemEntity.swift */ = {isa = PBXFileReference; fileEncoding = 4; lastKnownFileType = sourcecode.swift; path = ItemEntity.swift; sourceTree = "<group>"; };
		CF6E0C5D237167390091CEC8 /* CartEntity.swift */ = {isa = PBXFileReference; fileEncoding = 4; lastKnownFileType = sourcecode.swift; path = CartEntity.swift; sourceTree = "<group>"; };
		CF6E0C6D23716B120091CEC8 /* ScannerViewController.swift */ = {isa = PBXFileReference; lastKnownFileType = sourcecode.swift; path = ScannerViewController.swift; sourceTree = "<group>"; };
		CF6E0C70237179920091CEC8 /* SnapKit.framework */ = {isa = PBXFileReference; lastKnownFileType = wrapper.framework; name = SnapKit.framework; path = Carthage/Build/iOS/SnapKit.framework; sourceTree = "<group>"; };
		CF78743A235D7D7F0061AC90 /* SmartCart.app */ = {isa = PBXFileReference; explicitFileType = wrapper.application; includeInIndex = 0; path = SmartCart.app; sourceTree = BUILT_PRODUCTS_DIR; };
		CF78743D235D7D7F0061AC90 /* AppDelegate.swift */ = {isa = PBXFileReference; lastKnownFileType = sourcecode.swift; path = AppDelegate.swift; sourceTree = "<group>"; };
		CF787446235D7D800061AC90 /* Assets.xcassets */ = {isa = PBXFileReference; lastKnownFileType = folder.assetcatalog; path = Assets.xcassets; sourceTree = "<group>"; };
		CF787449235D7D800061AC90 /* Base */ = {isa = PBXFileReference; lastKnownFileType = file.storyboard; name = Base; path = Base.lproj/LaunchScreen.storyboard; sourceTree = "<group>"; };
		CF78744B235D7D800061AC90 /* Info.plist */ = {isa = PBXFileReference; lastKnownFileType = text.plist.xml; path = Info.plist; sourceTree = "<group>"; };
/* End PBXFileReference section */

/* Begin PBXFrameworksBuildPhase section */
		CF6E0C062370415B0091CEC8 /* Frameworks */ = {
			isa = PBXFrameworksBuildPhase;
			buildActionMask = 2147483647;
			files = (
			);
			runOnlyForDeploymentPostprocessing = 0;
		};
		CF787437235D7D7F0061AC90 /* Frameworks */ = {
			isa = PBXFrameworksBuildPhase;
			buildActionMask = 2147483647;
			files = (
				CF6E0C71237179920091CEC8 /* SnapKit.framework in Frameworks */,
			);
			runOnlyForDeploymentPostprocessing = 0;
		};
/* End PBXFrameworksBuildPhase section */

/* Begin PBXGroup section */
		CF6E0C0A2370415B0091CEC8 /* SmartCartTests */ = {
			isa = PBXGroup;
			children = (
				CF6E0C432371672B0091CEC8 /* CoreDataTests */,
				CF6E0C0B2370415B0091CEC8 /* SmartCartTests.swift */,
				CF6E0C0D2370415B0091CEC8 /* Info.plist */,
			);
			path = SmartCartTests;
			sourceTree = "<group>";
		};
		CF6E0C432371672B0091CEC8 /* CoreDataTests */ = {
			isa = PBXGroup;
			children = (
				CF6E0C442371672B0091CEC8 /* CoreDataTests.swift */,
				CF6E0C452371672B0091CEC8 /* ProductServiceTests.swift */,
			);
			path = CoreDataTests;
			sourceTree = "<group>";
		};
		CF6E0C48237167390091CEC8 /* Data */ = {
			isa = PBXGroup;
			children = (
				CF6E0C4C237167390091CEC8 /* Services */,
			);
			path = Data;
			sourceTree = "<group>";
		};
		CF6E0C4C237167390091CEC8 /* Services */ = {
			isa = PBXGroup;
			children = (
				CF6E0C4D237167390091CEC8 /* ProductCacheService.swift */,
				CF6E0C4E237167390091CEC8 /* DatabaseService.swift */,
			);
			path = Services;
			sourceTree = "<group>";
		};
		CF6E0C4F237167390091CEC8 /* Domain */ = {
			isa = PBXGroup;
			children = (
				CF6E0C52237167390091CEC8 /* UseCases */,
				CF6E0C54237167390091CEC8 /* Entities */,
			);
			path = Domain;
			sourceTree = "<group>";
		};
		CF6E0C52237167390091CEC8 /* UseCases */ = {
			isa = PBXGroup;
			children = (
				CF6E0C53237167390091CEC8 /* CartRepository.swift */,
			);
			path = UseCases;
			sourceTree = "<group>";
		};
		CF6E0C54237167390091CEC8 /* Entities */ = {
			isa = PBXGroup;
			children = (
				CF6E0C51237167390091CEC8 /* Scanner.swift */,
				CF6E0C55237167390091CEC8 /* CoreData */,
				CF6E0C5C237167390091CEC8 /* ItemEntity.swift */,
				CF6E0C5D237167390091CEC8 /* CartEntity.swift */,
			);
			path = Entities;
			sourceTree = "<group>";
		};
		CF6E0C55237167390091CEC8 /* CoreData */ = {
			isa = PBXGroup;
			children = (
				CF6E0C56237167390091CEC8 /* Cart+CoreDataProperties.swift */,
				CF6E0C57237167390091CEC8 /* ItemModel.xcdatamodeld */,
				CF6E0C59237167390091CEC8 /* Item+CoreDataProperties.swift */,
				CF6E0C5A237167390091CEC8 /* Cart+CoreDataClass.swift */,
				CF6E0C5B237167390091CEC8 /* Item+CoreDataClass.swift */,
			);
			path = CoreData;
			sourceTree = "<group>";
		};
		CF6E0C5E237167390091CEC8 /* Presentation */ = {
			isa = PBXGroup;
			children = (
				CF6E0C6D23716B120091CEC8 /* ScannerViewController.swift */,
			);
			path = Presentation;
			sourceTree = "<group>";
		};
		CF6E0C6C2371675E0091CEC8 /* Application */ = {
			isa = PBXGroup;
			children = (
				CF6E0C5E237167390091CEC8 /* Presentation */,
				CF6E0C4F237167390091CEC8 /* Domain */,
				CF6E0C48237167390091CEC8 /* Data */,
			);
			path = Application;
			sourceTree = "<group>";
		};
		CF6E0C6F237179920091CEC8 /* Frameworks */ = {
			isa = PBXGroup;
			children = (
				CF6E0C70237179920091CEC8 /* SnapKit.framework */,
			);
			name = Frameworks;
			sourceTree = "<group>";
		};
		CF787431235D7D7F0061AC90 = {
			isa = PBXGroup;
			children = (
				CF78743C235D7D7F0061AC90 /* SmartCart */,
				CF6E0C0A2370415B0091CEC8 /* SmartCartTests */,
				CF78743B235D7D7F0061AC90 /* Products */,
				CF6E0C6F237179920091CEC8 /* Frameworks */,
			);
			sourceTree = "<group>";
		};
		CF78743B235D7D7F0061AC90 /* Products */ = {
			isa = PBXGroup;
			children = (
				CF78743A235D7D7F0061AC90 /* SmartCart.app */,
				CF6E0C092370415B0091CEC8 /* SmartCartTests.xctest */,
			);
			name = Products;
			sourceTree = "<group>";
		};
		CF78743C235D7D7F0061AC90 /* SmartCart */ = {
			isa = PBXGroup;
			children = (
				CF6E0C6C2371675E0091CEC8 /* Application */,
				CF787451235D7DBE0061AC90 /* Resources */,
			);
			path = SmartCart;
			sourceTree = "<group>";
		};
		CF787451235D7DBE0061AC90 /* Resources */ = {
			isa = PBXGroup;
			children = (
				CF6E0C3523704DBA0091CEC8 /* products.json */,
				CF787448235D7D800061AC90 /* LaunchScreen.storyboard */,
				CF78744B235D7D800061AC90 /* Info.plist */,
				CF787446235D7D800061AC90 /* Assets.xcassets */,
				CF78743D235D7D7F0061AC90 /* AppDelegate.swift */,
			);
			path = Resources;
			sourceTree = "<group>";
		};
/* End PBXGroup section */

/* Begin PBXNativeTarget section */
		CF6E0C082370415B0091CEC8 /* SmartCartTests */ = {
			isa = PBXNativeTarget;
			buildConfigurationList = CF6E0C102370415B0091CEC8 /* Build configuration list for PBXNativeTarget "SmartCartTests" */;
			buildPhases = (
				CF6E0C052370415B0091CEC8 /* Sources */,
				CF6E0C062370415B0091CEC8 /* Frameworks */,
				CF6E0C072370415B0091CEC8 /* Resources */,
			);
			buildRules = (
			);
			dependencies = (
				CF6E0C0F2370415B0091CEC8 /* PBXTargetDependency */,
			);
			name = SmartCartTests;
			productName = SmartCartTests;
			productReference = CF6E0C092370415B0091CEC8 /* SmartCartTests.xctest */;
			productType = "com.apple.product-type.bundle.unit-test";
		};
		CF787439235D7D7F0061AC90 /* SmartCart */ = {
			isa = PBXNativeTarget;
			buildConfigurationList = CF78744E235D7D800061AC90 /* Build configuration list for PBXNativeTarget "SmartCart" */;
			buildPhases = (
				CF787436235D7D7F0061AC90 /* Sources */,
				CF787437235D7D7F0061AC90 /* Frameworks */,
				CF787438235D7D7F0061AC90 /* Resources */,
				CF6E0C73237179920091CEC8 /* Embed Frameworks */,
			);
			buildRules = (
			);
			dependencies = (
			);
			name = SmartCart;
			productName = SmartCart;
			productReference = CF78743A235D7D7F0061AC90 /* SmartCart.app */;
			productType = "com.apple.product-type.application";
		};
/* End PBXNativeTarget section */

/* Begin PBXProject section */
		CF787432235D7D7F0061AC90 /* Project object */ = {
			isa = PBXProject;
			attributes = {
				LastSwiftUpdateCheck = 1110;
				LastUpgradeCheck = 1110;
				ORGANIZATIONNAME = "Lukáš Šanda";
				TargetAttributes = {
					CF6E0C082370415B0091CEC8 = {
						CreatedOnToolsVersion = 11.1;
						TestTargetID = CF787439235D7D7F0061AC90;
					};
					CF787439235D7D7F0061AC90 = {
						CreatedOnToolsVersion = 11.1;
					};
				};
			};
			buildConfigurationList = CF787435235D7D7F0061AC90 /* Build configuration list for PBXProject "SmartCart" */;
			compatibilityVersion = "Xcode 9.3";
			developmentRegion = en;
			hasScannedForEncodings = 0;
			knownRegions = (
				en,
				Base,
			);
			mainGroup = CF787431235D7D7F0061AC90;
			productRefGroup = CF78743B235D7D7F0061AC90 /* Products */;
			projectDirPath = "";
			projectRoot = "";
			targets = (
				CF787439235D7D7F0061AC90 /* SmartCart */,
				CF6E0C082370415B0091CEC8 /* SmartCartTests */,
			);
		};
/* End PBXProject section */

/* Begin PBXResourcesBuildPhase section */
		CF6E0C072370415B0091CEC8 /* Resources */ = {
			isa = PBXResourcesBuildPhase;
			buildActionMask = 2147483647;
			files = (
			);
			runOnlyForDeploymentPostprocessing = 0;
		};
		CF787438235D7D7F0061AC90 /* Resources */ = {
			isa = PBXResourcesBuildPhase;
			buildActionMask = 2147483647;
			files = (
				CF6E0C3623704DBA0091CEC8 /* products.json in Resources */,
				CF78744A235D7D800061AC90 /* LaunchScreen.storyboard in Resources */,
				CF787447235D7D800061AC90 /* Assets.xcassets in Resources */,
			);
			runOnlyForDeploymentPostprocessing = 0;
		};
/* End PBXResourcesBuildPhase section */

/* Begin PBXSourcesBuildPhase section */
		CF6E0C052370415B0091CEC8 /* Sources */ = {
			isa = PBXSourcesBuildPhase;
			buildActionMask = 2147483647;
			files = (
				CF6E0C472371672B0091CEC8 /* ProductServiceTests.swift in Sources */,
				CF6E0C462371672B0091CEC8 /* CoreDataTests.swift in Sources */,
				CF6E0C0C2370415B0091CEC8 /* SmartCartTests.swift in Sources */,
			);
			runOnlyForDeploymentPostprocessing = 0;
		};
		CF787436235D7D7F0061AC90 /* Sources */ = {
			isa = PBXSourcesBuildPhase;
			buildActionMask = 2147483647;
			files = (
				CF78743E235D7D7F0061AC90 /* AppDelegate.swift in Sources */,
				CF6E0C68237167390091CEC8 /* Cart+CoreDataClass.swift in Sources */,
				CF6E0C64237167390091CEC8 /* CartRepository.swift in Sources */,
				CF6E0C6A237167390091CEC8 /* ItemEntity.swift in Sources */,
				CF6E0C6B237167390091CEC8 /* CartEntity.swift in Sources */,
				CF6E0C62237167390091CEC8 /* DatabaseService.swift in Sources */,
				CF6E0C66237167390091CEC8 /* ItemModel.xcdatamodeld in Sources */,
				CF6E0C67237167390091CEC8 /* Item+CoreDataProperties.swift in Sources */,
				CF6E0C69237167390091CEC8 /* Item+CoreDataClass.swift in Sources */,
				CF6E0C61237167390091CEC8 /* ProductCacheService.swift in Sources */,
				CF6E0C6E23716B120091CEC8 /* ScannerViewController.swift in Sources */,
				CF6E0C65237167390091CEC8 /* Cart+CoreDataProperties.swift in Sources */,
				CF6E0C63237167390091CEC8 /* Scanner.swift in Sources */,
			);
			runOnlyForDeploymentPostprocessing = 0;
		};
/* End PBXSourcesBuildPhase section */

/* Begin PBXTargetDependency section */
		CF6E0C0F2370415B0091CEC8 /* PBXTargetDependency */ = {
			isa = PBXTargetDependency;
			target = CF787439235D7D7F0061AC90 /* SmartCart */;
			targetProxy = CF6E0C0E2370415B0091CEC8 /* PBXContainerItemProxy */;
		};
/* End PBXTargetDependency section */

/* Begin PBXVariantGroup section */
		CF787448235D7D800061AC90 /* LaunchScreen.storyboard */ = {
			isa = PBXVariantGroup;
			children = (
				CF787449235D7D800061AC90 /* Base */,
			);
			name = LaunchScreen.storyboard;
			sourceTree = "<group>";
		};
/* End PBXVariantGroup section */

/* Begin XCBuildConfiguration section */
		CF6E0C112370415B0091CEC8 /* Debug */ = {
			isa = XCBuildConfiguration;
			buildSettings = {
				BUNDLE_LOADER = "$(TEST_HOST)";
				CODE_SIGN_STYLE = Automatic;
				DEVELOPMENT_TEAM = KMBJ65VB77;
				INFOPLIST_FILE = SmartCartTests/Info.plist;
				LD_RUNPATH_SEARCH_PATHS = (
					"$(inherited)",
					"@executable_path/Frameworks",
					"@loader_path/Frameworks",
				);
				PRODUCT_BUNDLE_IDENTIFIER = cz.lukasSanda.smap.SmartCartTests;
				PRODUCT_NAME = "$(TARGET_NAME)";
				SWIFT_VERSION = 5.0;
				TARGETED_DEVICE_FAMILY = "1,2";
				TEST_HOST = "$(BUILT_PRODUCTS_DIR)/SmartCart.app/SmartCart";
			};
			name = Debug;
		};
		CF6E0C122370415B0091CEC8 /* Release */ = {
			isa = XCBuildConfiguration;
			buildSettings = {
				BUNDLE_LOADER = "$(TEST_HOST)";
				CODE_SIGN_STYLE = Automatic;
				DEVELOPMENT_TEAM = KMBJ65VB77;
				INFOPLIST_FILE = SmartCartTests/Info.plist;
				LD_RUNPATH_SEARCH_PATHS = (
					"$(inherited)",
					"@executable_path/Frameworks",
					"@loader_path/Frameworks",
				);
				PRODUCT_BUNDLE_IDENTIFIER = cz.lukasSanda.smap.SmartCartTests;
				PRODUCT_NAME = "$(TARGET_NAME)";
				SWIFT_VERSION = 5.0;
				TARGETED_DEVICE_FAMILY = "1,2";
				TEST_HOST = "$(BUILT_PRODUCTS_DIR)/SmartCart.app/SmartCart";
			};
			name = Release;
		};
		CF78744C235D7D800061AC90 /* Debug */ = {
			isa = XCBuildConfiguration;
			buildSettings = {
				ALWAYS_SEARCH_USER_PATHS = NO;
				CLANG_ANALYZER_NONNULL = YES;
				CLANG_ANALYZER_NUMBER_OBJECT_CONVERSION = YES_AGGRESSIVE;
				CLANG_CXX_LANGUAGE_STANDARD = "gnu++14";
				CLANG_CXX_LIBRARY = "libc++";
				CLANG_ENABLE_MODULES = YES;
				CLANG_ENABLE_OBJC_ARC = YES;
				CLANG_ENABLE_OBJC_WEAK = YES;
				CLANG_WARN_BLOCK_CAPTURE_AUTORELEASING = YES;
				CLANG_WARN_BOOL_CONVERSION = YES;
				CLANG_WARN_COMMA = YES;
				CLANG_WARN_CONSTANT_CONVERSION = YES;
				CLANG_WARN_DEPRECATED_OBJC_IMPLEMENTATIONS = YES;
				CLANG_WARN_DIRECT_OBJC_ISA_USAGE = YES_ERROR;
				CLANG_WARN_DOCUMENTATION_COMMENTS = YES;
				CLANG_WARN_EMPTY_BODY = YES;
				CLANG_WARN_ENUM_CONVERSION = YES;
				CLANG_WARN_INFINITE_RECURSION = YES;
				CLANG_WARN_INT_CONVERSION = YES;
				CLANG_WARN_NON_LITERAL_NULL_CONVERSION = YES;
				CLANG_WARN_OBJC_IMPLICIT_RETAIN_SELF = YES;
				CLANG_WARN_OBJC_LITERAL_CONVERSION = YES;
				CLANG_WARN_OBJC_ROOT_CLASS = YES_ERROR;
				CLANG_WARN_RANGE_LOOP_ANALYSIS = YES;
				CLANG_WARN_STRICT_PROTOTYPES = YES;
				CLANG_WARN_SUSPICIOUS_MOVE = YES;
				CLANG_WARN_UNGUARDED_AVAILABILITY = YES_AGGRESSIVE;
				CLANG_WARN_UNREACHABLE_CODE = YES;
				CLANG_WARN__DUPLICATE_METHOD_MATCH = YES;
				COPY_PHASE_STRIP = NO;
				DEBUG_INFORMATION_FORMAT = dwarf;
				ENABLE_STRICT_OBJC_MSGSEND = YES;
				ENABLE_TESTABILITY = YES;
				GCC_C_LANGUAGE_STANDARD = gnu11;
				GCC_DYNAMIC_NO_PIC = NO;
				GCC_NO_COMMON_BLOCKS = YES;
				GCC_OPTIMIZATION_LEVEL = 0;
				GCC_PREPROCESSOR_DEFINITIONS = (
					"DEBUG=1",
					"$(inherited)",
				);
				GCC_WARN_64_TO_32_BIT_CONVERSION = YES;
				GCC_WARN_ABOUT_RETURN_TYPE = YES_ERROR;
				GCC_WARN_UNDECLARED_SELECTOR = YES;
				GCC_WARN_UNINITIALIZED_AUTOS = YES_AGGRESSIVE;
				GCC_WARN_UNUSED_FUNCTION = YES;
				GCC_WARN_UNUSED_VARIABLE = YES;
				IPHONEOS_DEPLOYMENT_TARGET = 13.1;
				MTL_ENABLE_DEBUG_INFO = INCLUDE_SOURCE;
				MTL_FAST_MATH = YES;
				ONLY_ACTIVE_ARCH = YES;
				SDKROOT = iphoneos;
				SWIFT_ACTIVE_COMPILATION_CONDITIONS = DEBUG;
				SWIFT_OPTIMIZATION_LEVEL = "-Onone";
			};
			name = Debug;
		};
		CF78744D235D7D800061AC90 /* Release */ = {
			isa = XCBuildConfiguration;
			buildSettings = {
				ALWAYS_SEARCH_USER_PATHS = NO;
				CLANG_ANALYZER_NONNULL = YES;
				CLANG_ANALYZER_NUMBER_OBJECT_CONVERSION = YES_AGGRESSIVE;
				CLANG_CXX_LANGUAGE_STANDARD = "gnu++14";
				CLANG_CXX_LIBRARY = "libc++";
				CLANG_ENABLE_MODULES = YES;
				CLANG_ENABLE_OBJC_ARC = YES;
				CLANG_ENABLE_OBJC_WEAK = YES;
				CLANG_WARN_BLOCK_CAPTURE_AUTORELEASING = YES;
				CLANG_WARN_BOOL_CONVERSION = YES;
				CLANG_WARN_COMMA = YES;
				CLANG_WARN_CONSTANT_CONVERSION = YES;
				CLANG_WARN_DEPRECATED_OBJC_IMPLEMENTATIONS = YES;
				CLANG_WARN_DIRECT_OBJC_ISA_USAGE = YES_ERROR;
				CLANG_WARN_DOCUMENTATION_COMMENTS = YES;
				CLANG_WARN_EMPTY_BODY = YES;
				CLANG_WARN_ENUM_CONVERSION = YES;
				CLANG_WARN_INFINITE_RECURSION = YES;
				CLANG_WARN_INT_CONVERSION = YES;
				CLANG_WARN_NON_LITERAL_NULL_CONVERSION = YES;
				CLANG_WARN_OBJC_IMPLICIT_RETAIN_SELF = YES;
				CLANG_WARN_OBJC_LITERAL_CONVERSION = YES;
				CLANG_WARN_OBJC_ROOT_CLASS = YES_ERROR;
				CLANG_WARN_RANGE_LOOP_ANALYSIS = YES;
				CLANG_WARN_STRICT_PROTOTYPES = YES;
				CLANG_WARN_SUSPICIOUS_MOVE = YES;
				CLANG_WARN_UNGUARDED_AVAILABILITY = YES_AGGRESSIVE;
				CLANG_WARN_UNREACHABLE_CODE = YES;
				CLANG_WARN__DUPLICATE_METHOD_MATCH = YES;
				COPY_PHASE_STRIP = NO;
				DEBUG_INFORMATION_FORMAT = "dwarf-with-dsym";
				ENABLE_NS_ASSERTIONS = NO;
				ENABLE_STRICT_OBJC_MSGSEND = YES;
				GCC_C_LANGUAGE_STANDARD = gnu11;
				GCC_NO_COMMON_BLOCKS = YES;
				GCC_WARN_64_TO_32_BIT_CONVERSION = YES;
				GCC_WARN_ABOUT_RETURN_TYPE = YES_ERROR;
				GCC_WARN_UNDECLARED_SELECTOR = YES;
				GCC_WARN_UNINITIALIZED_AUTOS = YES_AGGRESSIVE;
				GCC_WARN_UNUSED_FUNCTION = YES;
				GCC_WARN_UNUSED_VARIABLE = YES;
				IPHONEOS_DEPLOYMENT_TARGET = 13.1;
				MTL_ENABLE_DEBUG_INFO = NO;
				MTL_FAST_MATH = YES;
				SDKROOT = iphoneos;
				SWIFT_COMPILATION_MODE = wholemodule;
				SWIFT_OPTIMIZATION_LEVEL = "-O";
				VALIDATE_PRODUCT = YES;
			};
			name = Release;
		};
		CF78744F235D7D800061AC90 /* Debug */ = {
			isa = XCBuildConfiguration;
			buildSettings = {
				ASSETCATALOG_COMPILER_APPICON_NAME = AppIcon;
				CODE_SIGN_STYLE = Automatic;
				DEVELOPMENT_TEAM = KMBJ65VB77;
				FRAMEWORK_SEARCH_PATHS = (
					"$(inherited)",
					"$(PROJECT_DIR)/Carthage/Build/iOS",
				);
				INFOPLIST_FILE = "$(SRCROOT)/SmartCart/Resources/Info.plist";
				LD_RUNPATH_SEARCH_PATHS = (
					"$(inherited)",
					"@executable_path/Frameworks",
				);
				PRODUCT_BUNDLE_IDENTIFIER = cz.lukasSanda.smap.SmartCart;
				PRODUCT_NAME = "$(TARGET_NAME)";
				SWIFT_VERSION = 5.0;
				TARGETED_DEVICE_FAMILY = 1;
			};
			name = Debug;
		};
		CF787450235D7D800061AC90 /* Release */ = {
			isa = XCBuildConfiguration;
			buildSettings = {
				ASSETCATALOG_COMPILER_APPICON_NAME = AppIcon;
				CODE_SIGN_STYLE = Automatic;
				DEVELOPMENT_TEAM = KMBJ65VB77;
				FRAMEWORK_SEARCH_PATHS = (
					"$(inherited)",
					"$(PROJECT_DIR)/Carthage/Build/iOS",
				);
				INFOPLIST_FILE = "$(SRCROOT)/SmartCart/Resources/Info.plist";
				LD_RUNPATH_SEARCH_PATHS = (
					"$(inherited)",
					"@executable_path/Frameworks",
				);
				PRODUCT_BUNDLE_IDENTIFIER = cz.lukasSanda.smap.SmartCart;
				PRODUCT_NAME = "$(TARGET_NAME)";
				SWIFT_VERSION = 5.0;
				TARGETED_DEVICE_FAMILY = 1;
			};
			name = Release;
		};
/* End XCBuildConfiguration section */

/* Begin XCConfigurationList section */
		CF6E0C102370415B0091CEC8 /* Build configuration list for PBXNativeTarget "SmartCartTests" */ = {
			isa = XCConfigurationList;
			buildConfigurations = (
				CF6E0C112370415B0091CEC8 /* Debug */,
				CF6E0C122370415B0091CEC8 /* Release */,
			);
			defaultConfigurationIsVisible = 0;
			defaultConfigurationName = Release;
		};
		CF787435235D7D7F0061AC90 /* Build configuration list for PBXProject "SmartCart" */ = {
			isa = XCConfigurationList;
			buildConfigurations = (
				CF78744C235D7D800061AC90 /* Debug */,
				CF78744D235D7D800061AC90 /* Release */,
			);
			defaultConfigurationIsVisible = 0;
			defaultConfigurationName = Release;
		};
		CF78744E235D7D800061AC90 /* Build configuration list for PBXNativeTarget "SmartCart" */ = {
			isa = XCConfigurationList;
			buildConfigurations = (
				CF78744F235D7D800061AC90 /* Debug */,
				CF787450235D7D800061AC90 /* Release */,
			);
			defaultConfigurationIsVisible = 0;
			defaultConfigurationName = Release;
		};
/* End XCConfigurationList section */

/* Begin XCVersionGroup section */
		CF6E0C57237167390091CEC8 /* ItemModel.xcdatamodeld */ = {
			isa = XCVersionGroup;
			children = (
				CF6E0C58237167390091CEC8 /* ItemModel.xcdatamodel */,
			);
			currentVersion = CF6E0C58237167390091CEC8 /* ItemModel.xcdatamodel */;
			path = ItemModel.xcdatamodeld;
			sourceTree = "<group>";
			versionGroupType = wrapper.xcdatamodel;
		};
/* End XCVersionGroup section */
	};
	rootObject = CF787432235D7D7F0061AC90 /* Project object */;
}
